
Microsoft Visual Studio Solution File, Format Version 12.00
# Visual Studio Version 16
VisualStudioVersion = 16.0.29009.5
MinimumVisualStudioVersion = 10.0.40219.1
Project("{2150E333-8FDC-42A3-9474-1A3956D46DE8}") = "Solution Items", "Solution Items", "{E5979876-0294-475D-8970-A384B2DDEB8C}"
	ProjectSection(SolutionItems) = preProject
		.gitignore = .gitignore
		nuget.config = nuget.config
		README.md = README.md
	EndProjectSection
EndProject
Project("{2150E333-8FDC-42A3-9474-1A3956D46DE8}") = "UnitTests", "UnitTests", "{4A86A10C-666D-41A0-B5CB-9B080736923B}"
	ProjectSection(SolutionItems) = preProject
		UnitTests.nunit = UnitTests.nunit
	EndProjectSection
EndProject
Project("{9A19103F-16F7-4668-BE54-9A1E7A4F7556}") = "Atlas.MatchingAlgorithm", "Atlas.MatchingAlgorithm\Atlas.MatchingAlgorithm.csproj", "{F338A6D4-4AAD-424E-B93E-A058332EFB0F}"
EndProject
Project("{9A19103F-16F7-4668-BE54-9A1E7A4F7556}") = "Atlas.MatchingAlgorithm.Common", "Atlas.MatchingAlgorithm.Common\Atlas.MatchingAlgorithm.Common.csproj", "{D2872336-2826-4094-AA15-22A9C08E63F8}"
EndProject
Project("{9A19103F-16F7-4668-BE54-9A1E7A4F7556}") = "Atlas.MatchingAlgorithm.Client", "Atlas.MatchingAlgorithm.Client\Atlas.MatchingAlgorithm.Client.csproj", "{54DA45F0-352E-4C23-A254-288A973450F2}"
EndProject
Project("{9A19103F-16F7-4668-BE54-9A1E7A4F7556}") = "Atlas.MatchingAlgorithm.MatchingDictionary", "Atlas.MatchingAlgorithm.MatchingDictionary\Atlas.MatchingAlgorithm.MatchingDictionary.csproj", "{AD274093-21A1-42A2-A07C-7BE4573F01DC}"
EndProject
Project("{9A19103F-16F7-4668-BE54-9A1E7A4F7556}") = "Atlas.MatchingAlgorithm.Test", "Atlas.MatchingAlgorithm.Test\Atlas.MatchingAlgorithm.Test.csproj", "{5EF4D25E-9EB7-4146-8B21-B4F76C2417D3}"
EndProject
Project("{9A19103F-16F7-4668-BE54-9A1E7A4F7556}") = "Atlas.MatchingAlgorithm.Test.Integration", "Atlas.MatchingAlgorithm.Test.Integration\Atlas.MatchingAlgorithm.Test.Integration.csproj", "{CCF7F1D7-CF66-4C8C-92EF-08FB1B61EDAE}"
EndProject
Project("{9A19103F-16F7-4668-BE54-9A1E7A4F7556}") = "Atlas.MatchingAlgorithm.Data.Persistent", "Atlas.MatchingAlgorithm.Data.Persistent\Atlas.MatchingAlgorithm.Data.Persistent.csproj", "{16308F16-5D27-4233-B56B-C498CDA60050}"
EndProject
Project("{9A19103F-16F7-4668-BE54-9A1E7A4F7556}") = "Atlas.MatchingAlgorithm.Data", "Atlas.MatchingAlgorithm.Data\Atlas.MatchingAlgorithm.Data.csproj", "{8CC0CF9B-9E01-4046-A68F-FC7406BDE4C4}"
EndProject
Project("{9A19103F-16F7-4668-BE54-9A1E7A4F7556}") = "Atlas.MatchingAlgorithm.Test.Validation", "Atlas.MatchingAlgorithm.Test.Validation\Atlas.MatchingAlgorithm.Test.Validation.csproj", "{DC6E0755-0D5E-4616-9FAC-D57378DACF8C}"
EndProject
Project("{9A19103F-16F7-4668-BE54-9A1E7A4F7556}") = "Atlas.MatchingAlgorithm.Api", "Atlas.MatchingAlgorithm.Api\Atlas.MatchingAlgorithm.Api.csproj", "{2B54C9D8-49A4-4E14-9151-5F7E994543EB}"
EndProject
Project("{9A19103F-16F7-4668-BE54-9A1E7A4F7556}") = "Atlas.MatchingAlgorithm.Test.Performance", "Atlas.MatchingAlgorithm.Test.Performance\Atlas.MatchingAlgorithm.Test.Performance.csproj", "{D27D67C5-8D27-49A9-9AA7-969CCB56F559}"
EndProject
Project("{9A19103F-16F7-4668-BE54-9A1E7A4F7556}") = "Atlas.MatchingAlgorithm.Functions", "Atlas.MatchingAlgorithm.Functions\Atlas.MatchingAlgorithm.Functions.csproj", "{174168A1-CF51-433F-B39A-0FE774986352}"
EndProject
Project("{9A19103F-16F7-4668-BE54-9A1E7A4F7556}") = "Atlas.MatchingAlgorithm.Client.Models", "Atlas.MatchingAlgorithm.Client.Models\Atlas.MatchingAlgorithm.Client.Models.csproj", "{388B175F-8166-4703-A7F3-6891DA1F118E}"
EndProject
Project("{9A19103F-16F7-4668-BE54-9A1E7A4F7556}") = "Atlas.MatchingAlgorithm.Functions.DonorManagement", "Atlas.MatchingAlgorithm.Functions.DonorManagement\Atlas.MatchingAlgorithm.Functions.DonorManagement.csproj", "{6D940CC3-DE66-4B55-9625-4D7254708B1A}"
EndProject
Global
	GlobalSection(SolutionConfigurationPlatforms) = preSolution
		Debug|Any CPU = Debug|Any CPU
		Development|Any CPU = Development|Any CPU
		Release|Any CPU = Release|Any CPU
	EndGlobalSection
	GlobalSection(ProjectConfigurationPlatforms) = postSolution
		{F338A6D4-4AAD-424E-B93E-A058332EFB0F}.Debug|Any CPU.ActiveCfg = Debug|Any CPU
		{F338A6D4-4AAD-424E-B93E-A058332EFB0F}.Debug|Any CPU.Build.0 = Debug|Any CPU
		{F338A6D4-4AAD-424E-B93E-A058332EFB0F}.Development|Any CPU.ActiveCfg = Debug|Any CPU
		{F338A6D4-4AAD-424E-B93E-A058332EFB0F}.Development|Any CPU.Build.0 = Debug|Any CPU
		{F338A6D4-4AAD-424E-B93E-A058332EFB0F}.Release|Any CPU.ActiveCfg = Release|Any CPU
		{F338A6D4-4AAD-424E-B93E-A058332EFB0F}.Release|Any CPU.Build.0 = Release|Any CPU
		{D2872336-2826-4094-AA15-22A9C08E63F8}.Debug|Any CPU.ActiveCfg = Debug|Any CPU
		{D2872336-2826-4094-AA15-22A9C08E63F8}.Debug|Any CPU.Build.0 = Debug|Any CPU
		{D2872336-2826-4094-AA15-22A9C08E63F8}.Development|Any CPU.ActiveCfg = Debug|Any CPU
		{D2872336-2826-4094-AA15-22A9C08E63F8}.Development|Any CPU.Build.0 = Debug|Any CPU
		{D2872336-2826-4094-AA15-22A9C08E63F8}.Release|Any CPU.ActiveCfg = Release|Any CPU
		{D2872336-2826-4094-AA15-22A9C08E63F8}.Release|Any CPU.Build.0 = Release|Any CPU
		{54DA45F0-352E-4C23-A254-288A973450F2}.Debug|Any CPU.ActiveCfg = Debug|Any CPU
		{54DA45F0-352E-4C23-A254-288A973450F2}.Debug|Any CPU.Build.0 = Debug|Any CPU
		{54DA45F0-352E-4C23-A254-288A973450F2}.Development|Any CPU.ActiveCfg = Debug|Any CPU
		{54DA45F0-352E-4C23-A254-288A973450F2}.Development|Any CPU.Build.0 = Debug|Any CPU
		{54DA45F0-352E-4C23-A254-288A973450F2}.Release|Any CPU.ActiveCfg = Release|Any CPU
		{54DA45F0-352E-4C23-A254-288A973450F2}.Release|Any CPU.Build.0 = Release|Any CPU
		{AD274093-21A1-42A2-A07C-7BE4573F01DC}.Debug|Any CPU.ActiveCfg = Debug|Any CPU
		{AD274093-21A1-42A2-A07C-7BE4573F01DC}.Debug|Any CPU.Build.0 = Debug|Any CPU
		{AD274093-21A1-42A2-A07C-7BE4573F01DC}.Development|Any CPU.ActiveCfg = Debug|Any CPU
		{AD274093-21A1-42A2-A07C-7BE4573F01DC}.Development|Any CPU.Build.0 = Debug|Any CPU
		{AD274093-21A1-42A2-A07C-7BE4573F01DC}.Release|Any CPU.ActiveCfg = Release|Any CPU
		{AD274093-21A1-42A2-A07C-7BE4573F01DC}.Release|Any CPU.Build.0 = Release|Any CPU
		{5EF4D25E-9EB7-4146-8B21-B4F76C2417D3}.Debug|Any CPU.ActiveCfg = Debug|Any CPU
		{5EF4D25E-9EB7-4146-8B21-B4F76C2417D3}.Debug|Any CPU.Build.0 = Debug|Any CPU
		{5EF4D25E-9EB7-4146-8B21-B4F76C2417D3}.Development|Any CPU.ActiveCfg = Debug|Any CPU
		{5EF4D25E-9EB7-4146-8B21-B4F76C2417D3}.Development|Any CPU.Build.0 = Debug|Any CPU
		{5EF4D25E-9EB7-4146-8B21-B4F76C2417D3}.Release|Any CPU.ActiveCfg = Release|Any CPU
		{5EF4D25E-9EB7-4146-8B21-B4F76C2417D3}.Release|Any CPU.Build.0 = Release|Any CPU
		{CCF7F1D7-CF66-4C8C-92EF-08FB1B61EDAE}.Debug|Any CPU.ActiveCfg = Debug|Any CPU
		{CCF7F1D7-CF66-4C8C-92EF-08FB1B61EDAE}.Debug|Any CPU.Build.0 = Debug|Any CPU
		{CCF7F1D7-CF66-4C8C-92EF-08FB1B61EDAE}.Development|Any CPU.ActiveCfg = Debug|Any CPU
		{CCF7F1D7-CF66-4C8C-92EF-08FB1B61EDAE}.Development|Any CPU.Build.0 = Debug|Any CPU
		{CCF7F1D7-CF66-4C8C-92EF-08FB1B61EDAE}.Release|Any CPU.ActiveCfg = Release|Any CPU
		{CCF7F1D7-CF66-4C8C-92EF-08FB1B61EDAE}.Release|Any CPU.Build.0 = Release|Any CPU
		{16308F16-5D27-4233-B56B-C498CDA60050}.Debug|Any CPU.ActiveCfg = Debug|Any CPU
		{16308F16-5D27-4233-B56B-C498CDA60050}.Debug|Any CPU.Build.0 = Debug|Any CPU
		{16308F16-5D27-4233-B56B-C498CDA60050}.Development|Any CPU.ActiveCfg = Debug|Any CPU
		{16308F16-5D27-4233-B56B-C498CDA60050}.Development|Any CPU.Build.0 = Debug|Any CPU
		{16308F16-5D27-4233-B56B-C498CDA60050}.Release|Any CPU.ActiveCfg = Release|Any CPU
		{16308F16-5D27-4233-B56B-C498CDA60050}.Release|Any CPU.Build.0 = Release|Any CPU
		{8CC0CF9B-9E01-4046-A68F-FC7406BDE4C4}.Debug|Any CPU.ActiveCfg = Debug|Any CPU
		{8CC0CF9B-9E01-4046-A68F-FC7406BDE4C4}.Debug|Any CPU.Build.0 = Debug|Any CPU
		{8CC0CF9B-9E01-4046-A68F-FC7406BDE4C4}.Development|Any CPU.ActiveCfg = Debug|Any CPU
		{8CC0CF9B-9E01-4046-A68F-FC7406BDE4C4}.Development|Any CPU.Build.0 = Debug|Any CPU
		{8CC0CF9B-9E01-4046-A68F-FC7406BDE4C4}.Release|Any CPU.ActiveCfg = Release|Any CPU
		{8CC0CF9B-9E01-4046-A68F-FC7406BDE4C4}.Release|Any CPU.Build.0 = Release|Any CPU
		{DC6E0755-0D5E-4616-9FAC-D57378DACF8C}.Debug|Any CPU.ActiveCfg = Debug|Any CPU
		{DC6E0755-0D5E-4616-9FAC-D57378DACF8C}.Debug|Any CPU.Build.0 = Debug|Any CPU
		{DC6E0755-0D5E-4616-9FAC-D57378DACF8C}.Development|Any CPU.ActiveCfg = Debug|Any CPU
		{DC6E0755-0D5E-4616-9FAC-D57378DACF8C}.Development|Any CPU.Build.0 = Debug|Any CPU
		{DC6E0755-0D5E-4616-9FAC-D57378DACF8C}.Release|Any CPU.ActiveCfg = Release|Any CPU
		{DC6E0755-0D5E-4616-9FAC-D57378DACF8C}.Release|Any CPU.Build.0 = Release|Any CPU
		{2B54C9D8-49A4-4E14-9151-5F7E994543EB}.Debug|Any CPU.ActiveCfg = Debug|Any CPU
		{2B54C9D8-49A4-4E14-9151-5F7E994543EB}.Debug|Any CPU.Build.0 = Debug|Any CPU
		{2B54C9D8-49A4-4E14-9151-5F7E994543EB}.Development|Any CPU.ActiveCfg = Debug|Any CPU
		{2B54C9D8-49A4-4E14-9151-5F7E994543EB}.Development|Any CPU.Build.0 = Debug|Any CPU
		{2B54C9D8-49A4-4E14-9151-5F7E994543EB}.Release|Any CPU.ActiveCfg = Release|Any CPU
		{2B54C9D8-49A4-4E14-9151-5F7E994543EB}.Release|Any CPU.Build.0 = Release|Any CPU
		{D27D67C5-8D27-49A9-9AA7-969CCB56F559}.Debug|Any CPU.ActiveCfg = Debug|Any CPU
		{D27D67C5-8D27-49A9-9AA7-969CCB56F559}.Debug|Any CPU.Build.0 = Debug|Any CPU
		{D27D67C5-8D27-49A9-9AA7-969CCB56F559}.Development|Any CPU.ActiveCfg = Debug|Any CPU
		{D27D67C5-8D27-49A9-9AA7-969CCB56F559}.Development|Any CPU.Build.0 = Debug|Any CPU
		{D27D67C5-8D27-49A9-9AA7-969CCB56F559}.Release|Any CPU.ActiveCfg = Release|Any CPU
		{D27D67C5-8D27-49A9-9AA7-969CCB56F559}.Release|Any CPU.Build.0 = Release|Any CPU
		{174168A1-CF51-433F-B39A-0FE774986352}.Debug|Any CPU.ActiveCfg = Debug|Any CPU
		{174168A1-CF51-433F-B39A-0FE774986352}.Debug|Any CPU.Build.0 = Debug|Any CPU
		{174168A1-CF51-433F-B39A-0FE774986352}.Development|Any CPU.ActiveCfg = Debug|Any CPU
		{174168A1-CF51-433F-B39A-0FE774986352}.Development|Any CPU.Build.0 = Debug|Any CPU
		{174168A1-CF51-433F-B39A-0FE774986352}.Release|Any CPU.ActiveCfg = Release|Any CPU
		{174168A1-CF51-433F-B39A-0FE774986352}.Release|Any CPU.Build.0 = Release|Any CPU
		{388B175F-8166-4703-A7F3-6891DA1F118E}.Debug|Any CPU.ActiveCfg = Debug|Any CPU
		{388B175F-8166-4703-A7F3-6891DA1F118E}.Debug|Any CPU.Build.0 = Debug|Any CPU
		{388B175F-8166-4703-A7F3-6891DA1F118E}.Development|Any CPU.ActiveCfg = Debug|Any CPU
		{388B175F-8166-4703-A7F3-6891DA1F118E}.Development|Any CPU.Build.0 = Debug|Any CPU
		{388B175F-8166-4703-A7F3-6891DA1F118E}.Release|Any CPU.ActiveCfg = Release|Any CPU
		{388B175F-8166-4703-A7F3-6891DA1F118E}.Release|Any CPU.Build.0 = Release|Any CPU
		{6D940CC3-DE66-4B55-9625-4D7254708B1A}.Debug|Any CPU.ActiveCfg = Debug|Any CPU
		{6D940CC3-DE66-4B55-9625-4D7254708B1A}.Debug|Any CPU.Build.0 = Debug|Any CPU
		{6D940CC3-DE66-4B55-9625-4D7254708B1A}.Development|Any CPU.ActiveCfg = Debug|Any CPU
		{6D940CC3-DE66-4B55-9625-4D7254708B1A}.Development|Any CPU.Build.0 = Debug|Any CPU
		{6D940CC3-DE66-4B55-9625-4D7254708B1A}.Release|Any CPU.ActiveCfg = Release|Any CPU
		{6D940CC3-DE66-4B55-9625-4D7254708B1A}.Release|Any CPU.Build.0 = Release|Any CPU
	EndGlobalSection
	GlobalSection(SolutionProperties) = preSolution
		HideSolutionNode = FALSE
	EndGlobalSection
	GlobalSection(NestedProjects) = preSolution
		{4A86A10C-666D-41A0-B5CB-9B080736923B} = {E5979876-0294-475D-8970-A384B2DDEB8C}
	EndGlobalSection
	GlobalSection(ExtensibilityGlobals) = postSolution
		SolutionGuid = {FB0B0AD5-58AC-4CDF-826D-C653D03DC2AC}
	EndGlobalSection
EndGlobal
