
Microsoft Visual Studio Solution File, Format Version 12.00
# Visual Studio Version 17
VisualStudioVersion = 17.3.32825.248
MinimumVisualStudioVersion = 10.0.40219.1
Project("{2150E333-8FDC-42A3-9474-1A3956D46DE8}") = "Solution Items", "Solution Items", "{E5979876-0294-475D-8970-A384B2DDEB8C}"
	ProjectSection(SolutionItems) = preProject
		.editorconfig = .editorconfig
		.gitignore = .gitignore
		nuget.config = nuget.config
	EndProjectSection
EndProject
Project("{9A19103F-16F7-4668-BE54-9A1E7A4F7556}") = "Atlas.MatchingAlgorithm", "Atlas.MatchingAlgorithm\Atlas.MatchingAlgorithm.csproj", "{F338A6D4-4AAD-424E-B93E-A058332EFB0F}"
EndProject
Project("{9A19103F-16F7-4668-BE54-9A1E7A4F7556}") = "Atlas.MatchingAlgorithm.Common", "Atlas.MatchingAlgorithm.Common\Atlas.MatchingAlgorithm.Common.csproj", "{D2872336-2826-4094-AA15-22A9C08E63F8}"
EndProject
Project("{9A19103F-16F7-4668-BE54-9A1E7A4F7556}") = "Atlas.MatchingAlgorithm.Test", "Atlas.MatchingAlgorithm.Test\Atlas.MatchingAlgorithm.Test.csproj", "{5EF4D25E-9EB7-4146-8B21-B4F76C2417D3}"
EndProject
Project("{9A19103F-16F7-4668-BE54-9A1E7A4F7556}") = "Atlas.MatchingAlgorithm.Test.Integration", "Atlas.MatchingAlgorithm.Test.Integration\Atlas.MatchingAlgorithm.Test.Integration.csproj", "{CCF7F1D7-CF66-4C8C-92EF-08FB1B61EDAE}"
EndProject
Project("{9A19103F-16F7-4668-BE54-9A1E7A4F7556}") = "Atlas.MatchingAlgorithm.Data.Persistent", "Atlas.MatchingAlgorithm.Data.Persistent\Atlas.MatchingAlgorithm.Data.Persistent.csproj", "{16308F16-5D27-4233-B56B-C498CDA60050}"
EndProject
Project("{9A19103F-16F7-4668-BE54-9A1E7A4F7556}") = "Atlas.MatchingAlgorithm.Data", "Atlas.MatchingAlgorithm.Data\Atlas.MatchingAlgorithm.Data.csproj", "{8CC0CF9B-9E01-4046-A68F-FC7406BDE4C4}"
EndProject
Project("{9A19103F-16F7-4668-BE54-9A1E7A4F7556}") = "Atlas.MatchingAlgorithm.Test.Validation", "Atlas.MatchingAlgorithm.Test.Validation\Atlas.MatchingAlgorithm.Test.Validation.csproj", "{DC6E0755-0D5E-4616-9FAC-D57378DACF8C}"
EndProject
Project("{9A19103F-16F7-4668-BE54-9A1E7A4F7556}") = "Atlas.MatchingAlgorithm.Api", "Atlas.MatchingAlgorithm.Api\Atlas.MatchingAlgorithm.Api.csproj", "{2B54C9D8-49A4-4E14-9151-5F7E994543EB}"
EndProject
Project("{9A19103F-16F7-4668-BE54-9A1E7A4F7556}") = "Atlas.MatchingAlgorithm.Test.Performance", "Atlas.MatchingAlgorithm.Test.Performance\Atlas.MatchingAlgorithm.Test.Performance.csproj", "{D27D67C5-8D27-49A9-9AA7-969CCB56F559}"
EndProject
Project("{9A19103F-16F7-4668-BE54-9A1E7A4F7556}") = "Atlas.MatchingAlgorithm.Functions", "Atlas.MatchingAlgorithm.Functions\Atlas.MatchingAlgorithm.Functions.csproj", "{174168A1-CF51-433F-B39A-0FE774986352}"
EndProject
Project("{9A19103F-16F7-4668-BE54-9A1E7A4F7556}") = "Atlas.MatchingAlgorithm.Client.Models", "Atlas.MatchingAlgorithm.Client.Models\Atlas.MatchingAlgorithm.Client.Models.csproj", "{388B175F-8166-4703-A7F3-6891DA1F118E}"
EndProject
Project("{9A19103F-16F7-4668-BE54-9A1E7A4F7556}") = "Atlas.MatchingAlgorithm.Functions.DonorManagement", "Atlas.MatchingAlgorithm.Functions.DonorManagement\Atlas.MatchingAlgorithm.Functions.DonorManagement.csproj", "{6D940CC3-DE66-4B55-9625-4D7254708B1A}"
EndProject
Project("{2150E333-8FDC-42A3-9474-1A3956D46DE8}") = "Pipelines", "Pipelines", "{E02DF3EE-6EC8-4C96-AA12-04FADF2FF44A}"
	ProjectSection(SolutionItems) = preProject
		build-pipeline.yml = build-pipeline.yml
		test-pipeline.yml = test-pipeline.yml
	EndProjectSection
EndProject
Project("{2150E333-8FDC-42A3-9474-1A3956D46DE8}") = "MatchingAlgorithm", "MatchingAlgorithm", "{F2A44C37-3B16-433A-85A1-B267E41325BA}"
	ProjectSection(SolutionItems) = preProject
		README_MatchingAlgorithm.md = README_MatchingAlgorithm.md
	EndProjectSection
EndProject
Project("{2150E333-8FDC-42A3-9474-1A3956D46DE8}") = "MatchingAlgorithm.Tests", "MatchingAlgorithm.Tests", "{CEE7D93E-013C-4D66-ABDA-C25F18623A0D}"
EndProject
Project("{9A19103F-16F7-4668-BE54-9A1E7A4F7556}") = "Atlas.HlaMetadataDictionary", "Atlas.HlaMetadataDictionary\Atlas.HlaMetadataDictionary.csproj", "{AD274093-21A1-42A2-A07C-7BE4573F01DC}"
EndProject
Project("{9A19103F-16F7-4668-BE54-9A1E7A4F7556}") = "Atlas.Common", "Atlas.Common\Atlas.Common.csproj", "{2D948B52-F15B-4223-B9AA-A29AA3D0CC3F}"
EndProject
Project("{9A19103F-16F7-4668-BE54-9A1E7A4F7556}") = "Atlas.Common.Test", "Atlas.Common.Test\Atlas.Common.Test.csproj", "{DEF200BF-9AC7-4FA0-A532-87E83B4F3754}"
EndProject
Project("{9A19103F-16F7-4668-BE54-9A1E7A4F7556}") = "Atlas.MatchPrediction.Test", "Atlas.MatchPrediction.Test\Atlas.MatchPrediction.Test.csproj", "{4DA02515-F9EA-41BB-AB2F-3A5F32E739CD}"
EndProject
Project("{9A19103F-16F7-4668-BE54-9A1E7A4F7556}") = "Atlas.MatchPrediction", "Atlas.MatchPrediction\Atlas.MatchPrediction.csproj", "{B4ECF8A2-000F-4CEA-83F5-3ECF23D5CEF1}"
EndProject
Project("{9A19103F-16F7-4668-BE54-9A1E7A4F7556}") = "Atlas.MatchPrediction.Data", "Atlas.MatchPrediction.Data\Atlas.MatchPrediction.Data.csproj", "{A44AF465-B57E-4A17-B5C2-85D0170B2BEE}"
EndProject
Project("{2150E333-8FDC-42A3-9474-1A3956D46DE8}") = "MatchPrediction", "MatchPrediction", "{8DF9D0B6-B94E-4680-8AB8-CB1509F23A74}"
	ProjectSection(SolutionItems) = preProject
		README_MatchPredictionAlgorithm.md = README_MatchPredictionAlgorithm.md
	EndProjectSection
EndProject
Project("{9A19103F-16F7-4668-BE54-9A1E7A4F7556}") = "Atlas.MatchPrediction.Test.Integration", "Atlas.MatchPrediction.Test.Integration\Atlas.MatchPrediction.Test.Integration.csproj", "{00290A50-CE88-4148-B50F-63B3AF313E8A}"
EndProject
Project("{9A19103F-16F7-4668-BE54-9A1E7A4F7556}") = "Atlas.MatchPrediction.Functions", "Atlas.MatchPrediction.Functions\Atlas.MatchPrediction.Functions.csproj", "{5153507D-2E76-4F57-ABF2-A1CCB685F3A5}"
EndProject
Project("{2150E333-8FDC-42A3-9474-1A3956D46DE8}") = "DonorImport", "DonorImport", "{FA86EBC5-984E-4694-876D-FB64B239E0FC}"
	ProjectSection(SolutionItems) = preProject
		README_DonorImport.md = README_DonorImport.md
	EndProjectSection
EndProject
Project("{9A19103F-16F7-4668-BE54-9A1E7A4F7556}") = "Atlas.DonorImport.Data", "Atlas.DonorImport.Data\Atlas.DonorImport.Data.csproj", "{E86D4079-9E90-4900-830B-00B3F540AED6}"
EndProject
Project("{9A19103F-16F7-4668-BE54-9A1E7A4F7556}") = "Atlas.DonorImport.Functions", "Atlas.DonorImport.Functions\Atlas.DonorImport.Functions.csproj", "{60180E66-D312-4548-8654-F670DA3315D5}"
EndProject
Project("{2150E333-8FDC-42A3-9474-1A3956D46DE8}") = "MultipleAlleleCodeDictionary", "MultipleAlleleCodeDictionary", "{DCB9E81B-16A1-4D0D-BB02-42A138B4D078}"
	ProjectSection(SolutionItems) = preProject
		README_MultipleAlleleCodeDictionary.md = README_MultipleAlleleCodeDictionary.md
	EndProjectSection
EndProject
Project("{9A19103F-16F7-4668-BE54-9A1E7A4F7556}") = "Atlas.MultipleAlleleCodeDictionary", "Atlas.MultipleAlleleCodeDictionary\Atlas.MultipleAlleleCodeDictionary.csproj", "{6716E55C-48DF-4425-A603-FA36BC362591}"
EndProject
Project("{9A19103F-16F7-4668-BE54-9A1E7A4F7556}") = "Atlas.MultipleAlleleCodeDictionary.Test", "Atlas.MultipleAlleleCodeDictionary.Test\Atlas.MultipleAlleleCodeDictionary.Test.csproj", "{DE77A9A5-BCD3-478A-B319-1997E1D217AD}"
EndProject
Project("{9A19103F-16F7-4668-BE54-9A1E7A4F7556}") = "Atlas.Functions", "Atlas.Functions\Atlas.Functions.csproj", "{4398D855-A19F-4E01-B1F4-E6ED92465DB3}"
EndProject
Project("{9A19103F-16F7-4668-BE54-9A1E7A4F7556}") = "Atlas.DonorImport", "Atlas.DonorImport\Atlas.DonorImport.csproj", "{8CC3D81A-E791-4698-AFA8-63AC76068EE2}"
EndProject
Project("{9A19103F-16F7-4668-BE54-9A1E7A4F7556}") = "Atlas.DonorImport.Test", "Atlas.DonorImport.Test\Atlas.DonorImport.Test.csproj", "{7FCCC9F6-361E-4B84-A86B-85AC4364C1E1}"
EndProject
Project("{9A19103F-16F7-4668-BE54-9A1E7A4F7556}") = "Atlas.DonorImport.Test.Integration", "Atlas.DonorImport.Test.Integration\Atlas.DonorImport.Test.Integration.csproj", "{263F79E5-38EF-46B4-A6B6-AC47CAEE532F}"
EndProject
Project("{2150E333-8FDC-42A3-9474-1A3956D46DE8}") = "HlaMetadataDictionary", "HlaMetadataDictionary", "{86922A44-CA43-4DC8-A6A0-3973117C77EB}"
	ProjectSection(SolutionItems) = preProject
		README_HlaMetadataDictionary.md = README_HlaMetadataDictionary.md
	EndProjectSection
EndProject
Project("{9A19103F-16F7-4668-BE54-9A1E7A4F7556}") = "Atlas.HlaMetadataDictionary.Test", "Atlas.HlaMetadataDictionary.Test\Atlas.HlaMetadataDictionary.Test.csproj", "{506F18FC-DAF2-4DE5-B853-F50E5638EC11}"
EndProject
Project("{9A19103F-16F7-4668-BE54-9A1E7A4F7556}") = "Atlas.MultipleAlleleCodeDictionary.Test.Integration", "Atlas.MultipleAlleleCodeDictionary.Test.Integration\Atlas.MultipleAlleleCodeDictionary.Test.Integration.csproj", "{DA4729BC-8829-474F-9DDC-257F61AC07BC}"
EndProject
Project("{2150E333-8FDC-42A3-9474-1A3956D46DE8}") = "Readmes", "Readmes", "{122DA7C4-50ED-45A5-97D9-9CFC3391A87B}"
	ProjectSection(SolutionItems) = preProject
		README.md = README.md
		README_Specifications.md = README_Specifications.md
	EndProjectSection
EndProject
Project("{2150E333-8FDC-42A3-9474-1A3956D46DE8}") = "ManualTesting", "ManualTesting", "{EF1B180D-37D3-4A7A-9F2D-0E7DF3F14D36}"
	ProjectSection(SolutionItems) = preProject
		README_ManualTesting.md = README_ManualTesting.md
	EndProjectSection
EndProject
Project("{9A19103F-16F7-4668-BE54-9A1E7A4F7556}") = "Atlas.MatchPrediction.Test.Verification", "Atlas.MatchPrediction.Test.Verification\Atlas.MatchPrediction.Test.Verification.csproj", "{2D4D9130-B6B4-49CD-BFB8-FB2779277220}"
EndProject
Project("{9A19103F-16F7-4668-BE54-9A1E7A4F7556}") = "Atlas.Functions.PublicApi", "Atlas.Functions.PublicApi\Atlas.Functions.PublicApi.csproj", "{9917E69B-4B14-46DF-9DB9-0538C02CCAC6}"
EndProject
Project("{9A19103F-16F7-4668-BE54-9A1E7A4F7556}") = "Atlas.Client.Models", "Atlas.Client.Models\Atlas.Client.Models.csproj", "{9048423F-EA75-4D33-9B1A-48222429CB69}"
EndProject
Project("{9A19103F-16F7-4668-BE54-9A1E7A4F7556}") = "Atlas.MatchPrediction.Test.Verification.Test", "Atlas.MatchPrediction.Test.Verification.Test\Atlas.MatchPrediction.Test.Verification.Test.csproj", "{F1FC0799-415E-405B-B2DB-24AE6204F508}"
EndProject
Project("{9A19103F-16F7-4668-BE54-9A1E7A4F7556}") = "Atlas.MatchPrediction.Test.Verification.Data", "Atlas.MatchPrediction.Test.Verification.Data\Atlas.MatchPrediction.Test.Verification.Data.csproj", "{E9E4EFDF-7AAC-4881-89EB-AC884D257748}"
EndProject
Project("{9A19103F-16F7-4668-BE54-9A1E7A4F7556}") = "Atlas.ManualTesting", "Atlas.ManualTesting\Atlas.ManualTesting.csproj", "{AE342924-9AEF-4D6A-BE56-BBF137FF784E}"
EndProject
Project("{2150E333-8FDC-42A3-9474-1A3956D46DE8}") = "RepeatSearch", "RepeatSearch", "{025C2DDA-6FBF-4323-ABE4-3468CD025FB1}"
	ProjectSection(SolutionItems) = preProject
		README_RepeatSearch.md = README_RepeatSearch.md
	EndProjectSection
EndProject
Project("{9A19103F-16F7-4668-BE54-9A1E7A4F7556}") = "Atlas.RepeatSearch", "Atlas.RepeatSearch\Atlas.RepeatSearch.csproj", "{C3E25C07-E1A5-4672-83FE-77E042E588E3}"
EndProject
Project("{9A19103F-16F7-4668-BE54-9A1E7A4F7556}") = "Atlas.RepeatSearch.Data", "Atlas.RepeatSearch.Data\Atlas.RepeatSearch.Data.csproj", "{32F284B6-5941-48A4-B1B9-C3E924D72E6B}"
EndProject
Project("{9A19103F-16F7-4668-BE54-9A1E7A4F7556}") = "Atlas.RepeatSearch.Functions", "Atlas.RepeatSearch.Functions\Atlas.RepeatSearch.Functions.csproj", "{50ED369C-F5B5-4007-8D16-BA0DD505EA5B}"
EndProject
Project("{9A19103F-16F7-4668-BE54-9A1E7A4F7556}") = "Atlas.RepeatSearch.Test", "Atlas.RepeatSearch.Test\Atlas.RepeatSearch.Test.csproj", "{C1F67CB1-C621-4421-A536-FE5CB9B1A2B7}"
EndProject
Project("{9A19103F-16F7-4668-BE54-9A1E7A4F7556}") = "Atlas.MatchPrediction.Test.Validation", "Atlas.MatchPrediction.Test.Validation\Atlas.MatchPrediction.Test.Validation.csproj", "{EAB20024-BC67-4FE3-A205-0D862724E681}"
EndProject
Project("{9A19103F-16F7-4668-BE54-9A1E7A4F7556}") = "Atlas.MatchPrediction.Test.Validation.Data", "Atlas.MatchPrediction.Test.Validation.Data\Atlas.MatchPrediction.Test.Validation.Data.csproj", "{AFA20036-6B76-4E2C-B4F5-0DFE9EFBE9AB}"
EndProject
Project("{2150E333-8FDC-42A3-9474-1A3956D46DE8}") = "Verification", "Verification", "{9D6BFC30-2117-429B-8464-F0C067812E82}"
EndProject
Project("{2150E333-8FDC-42A3-9474-1A3956D46DE8}") = "Validation", "Validation", "{C144C94A-45FE-48D0-9200-5C97F531AF00}"
EndProject
Project("{2150E333-8FDC-42A3-9474-1A3956D46DE8}") = "Development", "Development", "{58156A0D-2C65-48B6-8E69-3E3F58C893B9}"
	ProjectSection(SolutionItems) = preProject
		README_ArchitecturalOverview.md = README_ArchitecturalOverview.md
		README_Contribution_Versioning.md = README_Contribution_Versioning.md
		README_DevelopmentSettings.md = README_DevelopmentSettings.md
		README_DevelopmentStartUpGuide.md = README_DevelopmentStartUpGuide.md
	EndProjectSection
EndProject
Project("{2150E333-8FDC-42A3-9474-1A3956D46DE8}") = "InstallationAndUsage", "InstallationAndUsage", "{CC374510-5C1B-435D-9F9F-37E943D9A840}"
	ProjectSection(SolutionItems) = preProject
		README_Configuration.md = README_Configuration.md
		README_Deployment.md = README_Deployment.md
		README_Integration.md = README_Integration.md
		README_Maintenance.md = README_Maintenance.md
		README_Support.md = README_Support.md
	EndProjectSection
EndProject
Project("{9A19103F-16F7-4668-BE54-9A1E7A4F7556}") = "Atlas.Common.Public.Models", "Atlas.Common.Public.Models\Atlas.Common.Public.Models.csproj", "{01BA6FE0-B631-4262-A8B8-9EC27636A65D}"
EndProject
Project("{9A19103F-16F7-4668-BE54-9A1E7A4F7556}") = "Atlas.DonorImport.FileSchema.Models", "Atlas.DonorImport.FileSchema.Models\Atlas.DonorImport.FileSchema.Models.csproj", "{9BCED4DF-9197-4B94-B7A9-ACBA42F6CB61}"
EndProject
Project("{9A19103F-16F7-4668-BE54-9A1E7A4F7556}") = "Atlas.ManualTesting.Common", "Atlas.ManualTesting.Common\Atlas.ManualTesting.Common.csproj", "{977FBAFB-5828-465F-B437-32F2C5545415}"
EndProject
Project("{9A19103F-16F7-4668-BE54-9A1E7A4F7556}") = "Atlas.ManualTesting.Test", "Atlas.ManualTesting.Test\Atlas.ManualTesting.Test.csproj", "{980DDDB4-D77E-435A-82E2-43542D7672D4}"
EndProject
Project("{FAE04EC0-301F-11D3-BF4B-00C04F79EFBC}") = "Atlas.Functions.Test", "Atlas.Functions.Test\Atlas.Functions.Test.csproj", "{804492B3-D5E3-4255-B7F0-9D69B609DA0F}"
EndProject
Global
	GlobalSection(SolutionConfigurationPlatforms) = preSolution
		Debug|Any CPU = Debug|Any CPU
		Development|Any CPU = Development|Any CPU
		Release|Any CPU = Release|Any CPU
	EndGlobalSection
	GlobalSection(ProjectConfigurationPlatforms) = postSolution
		{F338A6D4-4AAD-424E-B93E-A058332EFB0F}.Debug|Any CPU.ActiveCfg = Debug|Any CPU
		{F338A6D4-4AAD-424E-B93E-A058332EFB0F}.Debug|Any CPU.Build.0 = Debug|Any CPU
		{F338A6D4-4AAD-424E-B93E-A058332EFB0F}.Development|Any CPU.ActiveCfg = Debug|Any CPU
		{F338A6D4-4AAD-424E-B93E-A058332EFB0F}.Development|Any CPU.Build.0 = Debug|Any CPU
		{F338A6D4-4AAD-424E-B93E-A058332EFB0F}.Release|Any CPU.ActiveCfg = Release|Any CPU
		{F338A6D4-4AAD-424E-B93E-A058332EFB0F}.Release|Any CPU.Build.0 = Release|Any CPU
		{D2872336-2826-4094-AA15-22A9C08E63F8}.Debug|Any CPU.ActiveCfg = Debug|Any CPU
		{D2872336-2826-4094-AA15-22A9C08E63F8}.Debug|Any CPU.Build.0 = Debug|Any CPU
		{D2872336-2826-4094-AA15-22A9C08E63F8}.Development|Any CPU.ActiveCfg = Debug|Any CPU
		{D2872336-2826-4094-AA15-22A9C08E63F8}.Development|Any CPU.Build.0 = Debug|Any CPU
		{D2872336-2826-4094-AA15-22A9C08E63F8}.Release|Any CPU.ActiveCfg = Release|Any CPU
		{D2872336-2826-4094-AA15-22A9C08E63F8}.Release|Any CPU.Build.0 = Release|Any CPU
		{5EF4D25E-9EB7-4146-8B21-B4F76C2417D3}.Debug|Any CPU.ActiveCfg = Debug|Any CPU
		{5EF4D25E-9EB7-4146-8B21-B4F76C2417D3}.Debug|Any CPU.Build.0 = Debug|Any CPU
		{5EF4D25E-9EB7-4146-8B21-B4F76C2417D3}.Development|Any CPU.ActiveCfg = Debug|Any CPU
		{5EF4D25E-9EB7-4146-8B21-B4F76C2417D3}.Development|Any CPU.Build.0 = Debug|Any CPU
		{5EF4D25E-9EB7-4146-8B21-B4F76C2417D3}.Release|Any CPU.ActiveCfg = Release|Any CPU
		{5EF4D25E-9EB7-4146-8B21-B4F76C2417D3}.Release|Any CPU.Build.0 = Release|Any CPU
		{CCF7F1D7-CF66-4C8C-92EF-08FB1B61EDAE}.Debug|Any CPU.ActiveCfg = Debug|Any CPU
		{CCF7F1D7-CF66-4C8C-92EF-08FB1B61EDAE}.Debug|Any CPU.Build.0 = Debug|Any CPU
		{CCF7F1D7-CF66-4C8C-92EF-08FB1B61EDAE}.Development|Any CPU.ActiveCfg = Debug|Any CPU
		{CCF7F1D7-CF66-4C8C-92EF-08FB1B61EDAE}.Development|Any CPU.Build.0 = Debug|Any CPU
		{CCF7F1D7-CF66-4C8C-92EF-08FB1B61EDAE}.Release|Any CPU.ActiveCfg = Release|Any CPU
		{CCF7F1D7-CF66-4C8C-92EF-08FB1B61EDAE}.Release|Any CPU.Build.0 = Release|Any CPU
		{16308F16-5D27-4233-B56B-C498CDA60050}.Debug|Any CPU.ActiveCfg = Debug|Any CPU
		{16308F16-5D27-4233-B56B-C498CDA60050}.Debug|Any CPU.Build.0 = Debug|Any CPU
		{16308F16-5D27-4233-B56B-C498CDA60050}.Development|Any CPU.ActiveCfg = Debug|Any CPU
		{16308F16-5D27-4233-B56B-C498CDA60050}.Development|Any CPU.Build.0 = Debug|Any CPU
		{16308F16-5D27-4233-B56B-C498CDA60050}.Release|Any CPU.ActiveCfg = Release|Any CPU
		{16308F16-5D27-4233-B56B-C498CDA60050}.Release|Any CPU.Build.0 = Release|Any CPU
		{8CC0CF9B-9E01-4046-A68F-FC7406BDE4C4}.Debug|Any CPU.ActiveCfg = Debug|Any CPU
		{8CC0CF9B-9E01-4046-A68F-FC7406BDE4C4}.Debug|Any CPU.Build.0 = Debug|Any CPU
		{8CC0CF9B-9E01-4046-A68F-FC7406BDE4C4}.Development|Any CPU.ActiveCfg = Debug|Any CPU
		{8CC0CF9B-9E01-4046-A68F-FC7406BDE4C4}.Development|Any CPU.Build.0 = Debug|Any CPU
		{8CC0CF9B-9E01-4046-A68F-FC7406BDE4C4}.Release|Any CPU.ActiveCfg = Release|Any CPU
		{8CC0CF9B-9E01-4046-A68F-FC7406BDE4C4}.Release|Any CPU.Build.0 = Release|Any CPU
		{DC6E0755-0D5E-4616-9FAC-D57378DACF8C}.Debug|Any CPU.ActiveCfg = Debug|Any CPU
		{DC6E0755-0D5E-4616-9FAC-D57378DACF8C}.Debug|Any CPU.Build.0 = Debug|Any CPU
		{DC6E0755-0D5E-4616-9FAC-D57378DACF8C}.Development|Any CPU.ActiveCfg = Debug|Any CPU
		{DC6E0755-0D5E-4616-9FAC-D57378DACF8C}.Development|Any CPU.Build.0 = Debug|Any CPU
		{DC6E0755-0D5E-4616-9FAC-D57378DACF8C}.Release|Any CPU.ActiveCfg = Release|Any CPU
		{DC6E0755-0D5E-4616-9FAC-D57378DACF8C}.Release|Any CPU.Build.0 = Release|Any CPU
		{2B54C9D8-49A4-4E14-9151-5F7E994543EB}.Debug|Any CPU.ActiveCfg = Debug|Any CPU
		{2B54C9D8-49A4-4E14-9151-5F7E994543EB}.Debug|Any CPU.Build.0 = Debug|Any CPU
		{2B54C9D8-49A4-4E14-9151-5F7E994543EB}.Development|Any CPU.ActiveCfg = Debug|Any CPU
		{2B54C9D8-49A4-4E14-9151-5F7E994543EB}.Development|Any CPU.Build.0 = Debug|Any CPU
		{2B54C9D8-49A4-4E14-9151-5F7E994543EB}.Release|Any CPU.ActiveCfg = Release|Any CPU
		{2B54C9D8-49A4-4E14-9151-5F7E994543EB}.Release|Any CPU.Build.0 = Release|Any CPU
		{D27D67C5-8D27-49A9-9AA7-969CCB56F559}.Debug|Any CPU.ActiveCfg = Debug|Any CPU
		{D27D67C5-8D27-49A9-9AA7-969CCB56F559}.Debug|Any CPU.Build.0 = Debug|Any CPU
		{D27D67C5-8D27-49A9-9AA7-969CCB56F559}.Development|Any CPU.ActiveCfg = Debug|Any CPU
		{D27D67C5-8D27-49A9-9AA7-969CCB56F559}.Development|Any CPU.Build.0 = Debug|Any CPU
		{D27D67C5-8D27-49A9-9AA7-969CCB56F559}.Release|Any CPU.ActiveCfg = Release|Any CPU
		{D27D67C5-8D27-49A9-9AA7-969CCB56F559}.Release|Any CPU.Build.0 = Release|Any CPU
		{174168A1-CF51-433F-B39A-0FE774986352}.Debug|Any CPU.ActiveCfg = Debug|Any CPU
		{174168A1-CF51-433F-B39A-0FE774986352}.Debug|Any CPU.Build.0 = Debug|Any CPU
		{174168A1-CF51-433F-B39A-0FE774986352}.Development|Any CPU.ActiveCfg = Debug|Any CPU
		{174168A1-CF51-433F-B39A-0FE774986352}.Development|Any CPU.Build.0 = Debug|Any CPU
		{174168A1-CF51-433F-B39A-0FE774986352}.Release|Any CPU.ActiveCfg = Release|Any CPU
		{174168A1-CF51-433F-B39A-0FE774986352}.Release|Any CPU.Build.0 = Release|Any CPU
		{388B175F-8166-4703-A7F3-6891DA1F118E}.Debug|Any CPU.ActiveCfg = Debug|Any CPU
		{388B175F-8166-4703-A7F3-6891DA1F118E}.Debug|Any CPU.Build.0 = Debug|Any CPU
		{388B175F-8166-4703-A7F3-6891DA1F118E}.Development|Any CPU.ActiveCfg = Debug|Any CPU
		{388B175F-8166-4703-A7F3-6891DA1F118E}.Development|Any CPU.Build.0 = Debug|Any CPU
		{388B175F-8166-4703-A7F3-6891DA1F118E}.Release|Any CPU.ActiveCfg = Release|Any CPU
		{388B175F-8166-4703-A7F3-6891DA1F118E}.Release|Any CPU.Build.0 = Release|Any CPU
		{6D940CC3-DE66-4B55-9625-4D7254708B1A}.Debug|Any CPU.ActiveCfg = Debug|Any CPU
		{6D940CC3-DE66-4B55-9625-4D7254708B1A}.Debug|Any CPU.Build.0 = Debug|Any CPU
		{6D940CC3-DE66-4B55-9625-4D7254708B1A}.Development|Any CPU.ActiveCfg = Debug|Any CPU
		{6D940CC3-DE66-4B55-9625-4D7254708B1A}.Development|Any CPU.Build.0 = Debug|Any CPU
		{6D940CC3-DE66-4B55-9625-4D7254708B1A}.Release|Any CPU.ActiveCfg = Release|Any CPU
		{6D940CC3-DE66-4B55-9625-4D7254708B1A}.Release|Any CPU.Build.0 = Release|Any CPU
		{AD274093-21A1-42A2-A07C-7BE4573F01DC}.Debug|Any CPU.ActiveCfg = Debug|Any CPU
		{AD274093-21A1-42A2-A07C-7BE4573F01DC}.Debug|Any CPU.Build.0 = Debug|Any CPU
		{AD274093-21A1-42A2-A07C-7BE4573F01DC}.Development|Any CPU.ActiveCfg = Debug|Any CPU
		{AD274093-21A1-42A2-A07C-7BE4573F01DC}.Development|Any CPU.Build.0 = Debug|Any CPU
		{AD274093-21A1-42A2-A07C-7BE4573F01DC}.Release|Any CPU.ActiveCfg = Release|Any CPU
		{AD274093-21A1-42A2-A07C-7BE4573F01DC}.Release|Any CPU.Build.0 = Release|Any CPU
		{2D948B52-F15B-4223-B9AA-A29AA3D0CC3F}.Debug|Any CPU.ActiveCfg = Debug|Any CPU
		{2D948B52-F15B-4223-B9AA-A29AA3D0CC3F}.Debug|Any CPU.Build.0 = Debug|Any CPU
		{2D948B52-F15B-4223-B9AA-A29AA3D0CC3F}.Development|Any CPU.ActiveCfg = Debug|Any CPU
		{2D948B52-F15B-4223-B9AA-A29AA3D0CC3F}.Development|Any CPU.Build.0 = Debug|Any CPU
		{2D948B52-F15B-4223-B9AA-A29AA3D0CC3F}.Release|Any CPU.ActiveCfg = Release|Any CPU
		{2D948B52-F15B-4223-B9AA-A29AA3D0CC3F}.Release|Any CPU.Build.0 = Release|Any CPU
		{DEF200BF-9AC7-4FA0-A532-87E83B4F3754}.Debug|Any CPU.ActiveCfg = Debug|Any CPU
		{DEF200BF-9AC7-4FA0-A532-87E83B4F3754}.Debug|Any CPU.Build.0 = Debug|Any CPU
		{DEF200BF-9AC7-4FA0-A532-87E83B4F3754}.Development|Any CPU.ActiveCfg = Debug|Any CPU
		{DEF200BF-9AC7-4FA0-A532-87E83B4F3754}.Development|Any CPU.Build.0 = Debug|Any CPU
		{DEF200BF-9AC7-4FA0-A532-87E83B4F3754}.Release|Any CPU.ActiveCfg = Release|Any CPU
		{DEF200BF-9AC7-4FA0-A532-87E83B4F3754}.Release|Any CPU.Build.0 = Release|Any CPU
		{4DA02515-F9EA-41BB-AB2F-3A5F32E739CD}.Debug|Any CPU.ActiveCfg = Debug|Any CPU
		{4DA02515-F9EA-41BB-AB2F-3A5F32E739CD}.Debug|Any CPU.Build.0 = Debug|Any CPU
		{4DA02515-F9EA-41BB-AB2F-3A5F32E739CD}.Development|Any CPU.ActiveCfg = Debug|Any CPU
		{4DA02515-F9EA-41BB-AB2F-3A5F32E739CD}.Development|Any CPU.Build.0 = Debug|Any CPU
		{4DA02515-F9EA-41BB-AB2F-3A5F32E739CD}.Release|Any CPU.ActiveCfg = Release|Any CPU
		{4DA02515-F9EA-41BB-AB2F-3A5F32E739CD}.Release|Any CPU.Build.0 = Release|Any CPU
		{B4ECF8A2-000F-4CEA-83F5-3ECF23D5CEF1}.Debug|Any CPU.ActiveCfg = Debug|Any CPU
		{B4ECF8A2-000F-4CEA-83F5-3ECF23D5CEF1}.Debug|Any CPU.Build.0 = Debug|Any CPU
		{B4ECF8A2-000F-4CEA-83F5-3ECF23D5CEF1}.Development|Any CPU.ActiveCfg = Debug|Any CPU
		{B4ECF8A2-000F-4CEA-83F5-3ECF23D5CEF1}.Development|Any CPU.Build.0 = Debug|Any CPU
		{B4ECF8A2-000F-4CEA-83F5-3ECF23D5CEF1}.Release|Any CPU.ActiveCfg = Release|Any CPU
		{B4ECF8A2-000F-4CEA-83F5-3ECF23D5CEF1}.Release|Any CPU.Build.0 = Release|Any CPU
		{A44AF465-B57E-4A17-B5C2-85D0170B2BEE}.Debug|Any CPU.ActiveCfg = Debug|Any CPU
		{A44AF465-B57E-4A17-B5C2-85D0170B2BEE}.Debug|Any CPU.Build.0 = Debug|Any CPU
		{A44AF465-B57E-4A17-B5C2-85D0170B2BEE}.Development|Any CPU.ActiveCfg = Debug|Any CPU
		{A44AF465-B57E-4A17-B5C2-85D0170B2BEE}.Development|Any CPU.Build.0 = Debug|Any CPU
		{A44AF465-B57E-4A17-B5C2-85D0170B2BEE}.Release|Any CPU.ActiveCfg = Release|Any CPU
		{A44AF465-B57E-4A17-B5C2-85D0170B2BEE}.Release|Any CPU.Build.0 = Release|Any CPU
		{00290A50-CE88-4148-B50F-63B3AF313E8A}.Debug|Any CPU.ActiveCfg = Debug|Any CPU
		{00290A50-CE88-4148-B50F-63B3AF313E8A}.Debug|Any CPU.Build.0 = Debug|Any CPU
		{00290A50-CE88-4148-B50F-63B3AF313E8A}.Development|Any CPU.ActiveCfg = Debug|Any CPU
		{00290A50-CE88-4148-B50F-63B3AF313E8A}.Development|Any CPU.Build.0 = Debug|Any CPU
		{00290A50-CE88-4148-B50F-63B3AF313E8A}.Release|Any CPU.ActiveCfg = Release|Any CPU
		{00290A50-CE88-4148-B50F-63B3AF313E8A}.Release|Any CPU.Build.0 = Release|Any CPU
		{5153507D-2E76-4F57-ABF2-A1CCB685F3A5}.Debug|Any CPU.ActiveCfg = Debug|Any CPU
		{5153507D-2E76-4F57-ABF2-A1CCB685F3A5}.Debug|Any CPU.Build.0 = Debug|Any CPU
		{5153507D-2E76-4F57-ABF2-A1CCB685F3A5}.Development|Any CPU.ActiveCfg = Debug|Any CPU
		{5153507D-2E76-4F57-ABF2-A1CCB685F3A5}.Development|Any CPU.Build.0 = Debug|Any CPU
		{5153507D-2E76-4F57-ABF2-A1CCB685F3A5}.Release|Any CPU.ActiveCfg = Release|Any CPU
		{5153507D-2E76-4F57-ABF2-A1CCB685F3A5}.Release|Any CPU.Build.0 = Release|Any CPU
		{E86D4079-9E90-4900-830B-00B3F540AED6}.Debug|Any CPU.ActiveCfg = Debug|Any CPU
		{E86D4079-9E90-4900-830B-00B3F540AED6}.Debug|Any CPU.Build.0 = Debug|Any CPU
		{E86D4079-9E90-4900-830B-00B3F540AED6}.Development|Any CPU.ActiveCfg = Debug|Any CPU
		{E86D4079-9E90-4900-830B-00B3F540AED6}.Development|Any CPU.Build.0 = Debug|Any CPU
		{E86D4079-9E90-4900-830B-00B3F540AED6}.Release|Any CPU.ActiveCfg = Release|Any CPU
		{E86D4079-9E90-4900-830B-00B3F540AED6}.Release|Any CPU.Build.0 = Release|Any CPU
		{60180E66-D312-4548-8654-F670DA3315D5}.Debug|Any CPU.ActiveCfg = Debug|Any CPU
		{60180E66-D312-4548-8654-F670DA3315D5}.Debug|Any CPU.Build.0 = Debug|Any CPU
		{60180E66-D312-4548-8654-F670DA3315D5}.Development|Any CPU.ActiveCfg = Debug|Any CPU
		{60180E66-D312-4548-8654-F670DA3315D5}.Development|Any CPU.Build.0 = Debug|Any CPU
		{60180E66-D312-4548-8654-F670DA3315D5}.Release|Any CPU.ActiveCfg = Release|Any CPU
		{60180E66-D312-4548-8654-F670DA3315D5}.Release|Any CPU.Build.0 = Release|Any CPU
		{6716E55C-48DF-4425-A603-FA36BC362591}.Debug|Any CPU.ActiveCfg = Debug|Any CPU
		{6716E55C-48DF-4425-A603-FA36BC362591}.Debug|Any CPU.Build.0 = Debug|Any CPU
		{6716E55C-48DF-4425-A603-FA36BC362591}.Development|Any CPU.ActiveCfg = Debug|Any CPU
		{6716E55C-48DF-4425-A603-FA36BC362591}.Development|Any CPU.Build.0 = Debug|Any CPU
		{6716E55C-48DF-4425-A603-FA36BC362591}.Release|Any CPU.ActiveCfg = Release|Any CPU
		{6716E55C-48DF-4425-A603-FA36BC362591}.Release|Any CPU.Build.0 = Release|Any CPU
		{DE77A9A5-BCD3-478A-B319-1997E1D217AD}.Debug|Any CPU.ActiveCfg = Debug|Any CPU
		{DE77A9A5-BCD3-478A-B319-1997E1D217AD}.Debug|Any CPU.Build.0 = Debug|Any CPU
		{DE77A9A5-BCD3-478A-B319-1997E1D217AD}.Development|Any CPU.ActiveCfg = Debug|Any CPU
		{DE77A9A5-BCD3-478A-B319-1997E1D217AD}.Development|Any CPU.Build.0 = Debug|Any CPU
		{DE77A9A5-BCD3-478A-B319-1997E1D217AD}.Release|Any CPU.ActiveCfg = Release|Any CPU
		{DE77A9A5-BCD3-478A-B319-1997E1D217AD}.Release|Any CPU.Build.0 = Release|Any CPU
		{4398D855-A19F-4E01-B1F4-E6ED92465DB3}.Debug|Any CPU.ActiveCfg = Debug|Any CPU
		{4398D855-A19F-4E01-B1F4-E6ED92465DB3}.Debug|Any CPU.Build.0 = Debug|Any CPU
		{4398D855-A19F-4E01-B1F4-E6ED92465DB3}.Development|Any CPU.ActiveCfg = Debug|Any CPU
		{4398D855-A19F-4E01-B1F4-E6ED92465DB3}.Development|Any CPU.Build.0 = Debug|Any CPU
		{4398D855-A19F-4E01-B1F4-E6ED92465DB3}.Release|Any CPU.ActiveCfg = Release|Any CPU
		{4398D855-A19F-4E01-B1F4-E6ED92465DB3}.Release|Any CPU.Build.0 = Release|Any CPU
		{8CC3D81A-E791-4698-AFA8-63AC76068EE2}.Debug|Any CPU.ActiveCfg = Debug|Any CPU
		{8CC3D81A-E791-4698-AFA8-63AC76068EE2}.Debug|Any CPU.Build.0 = Debug|Any CPU
		{8CC3D81A-E791-4698-AFA8-63AC76068EE2}.Development|Any CPU.ActiveCfg = Debug|Any CPU
		{8CC3D81A-E791-4698-AFA8-63AC76068EE2}.Development|Any CPU.Build.0 = Debug|Any CPU
		{8CC3D81A-E791-4698-AFA8-63AC76068EE2}.Release|Any CPU.ActiveCfg = Release|Any CPU
		{8CC3D81A-E791-4698-AFA8-63AC76068EE2}.Release|Any CPU.Build.0 = Release|Any CPU
		{7FCCC9F6-361E-4B84-A86B-85AC4364C1E1}.Debug|Any CPU.ActiveCfg = Debug|Any CPU
		{7FCCC9F6-361E-4B84-A86B-85AC4364C1E1}.Debug|Any CPU.Build.0 = Debug|Any CPU
		{7FCCC9F6-361E-4B84-A86B-85AC4364C1E1}.Development|Any CPU.ActiveCfg = Debug|Any CPU
		{7FCCC9F6-361E-4B84-A86B-85AC4364C1E1}.Development|Any CPU.Build.0 = Debug|Any CPU
		{7FCCC9F6-361E-4B84-A86B-85AC4364C1E1}.Release|Any CPU.ActiveCfg = Release|Any CPU
		{7FCCC9F6-361E-4B84-A86B-85AC4364C1E1}.Release|Any CPU.Build.0 = Release|Any CPU
		{263F79E5-38EF-46B4-A6B6-AC47CAEE532F}.Debug|Any CPU.ActiveCfg = Debug|Any CPU
		{263F79E5-38EF-46B4-A6B6-AC47CAEE532F}.Debug|Any CPU.Build.0 = Debug|Any CPU
		{263F79E5-38EF-46B4-A6B6-AC47CAEE532F}.Development|Any CPU.ActiveCfg = Debug|Any CPU
		{263F79E5-38EF-46B4-A6B6-AC47CAEE532F}.Development|Any CPU.Build.0 = Debug|Any CPU
		{263F79E5-38EF-46B4-A6B6-AC47CAEE532F}.Release|Any CPU.ActiveCfg = Release|Any CPU
		{263F79E5-38EF-46B4-A6B6-AC47CAEE532F}.Release|Any CPU.Build.0 = Release|Any CPU
		{506F18FC-DAF2-4DE5-B853-F50E5638EC11}.Debug|Any CPU.ActiveCfg = Debug|Any CPU
		{506F18FC-DAF2-4DE5-B853-F50E5638EC11}.Debug|Any CPU.Build.0 = Debug|Any CPU
		{506F18FC-DAF2-4DE5-B853-F50E5638EC11}.Development|Any CPU.ActiveCfg = Debug|Any CPU
		{506F18FC-DAF2-4DE5-B853-F50E5638EC11}.Development|Any CPU.Build.0 = Debug|Any CPU
		{506F18FC-DAF2-4DE5-B853-F50E5638EC11}.Release|Any CPU.ActiveCfg = Release|Any CPU
		{506F18FC-DAF2-4DE5-B853-F50E5638EC11}.Release|Any CPU.Build.0 = Release|Any CPU
		{DA4729BC-8829-474F-9DDC-257F61AC07BC}.Debug|Any CPU.ActiveCfg = Debug|Any CPU
		{DA4729BC-8829-474F-9DDC-257F61AC07BC}.Debug|Any CPU.Build.0 = Debug|Any CPU
		{DA4729BC-8829-474F-9DDC-257F61AC07BC}.Development|Any CPU.ActiveCfg = Debug|Any CPU
		{DA4729BC-8829-474F-9DDC-257F61AC07BC}.Development|Any CPU.Build.0 = Debug|Any CPU
		{DA4729BC-8829-474F-9DDC-257F61AC07BC}.Release|Any CPU.ActiveCfg = Release|Any CPU
		{DA4729BC-8829-474F-9DDC-257F61AC07BC}.Release|Any CPU.Build.0 = Release|Any CPU
		{2D4D9130-B6B4-49CD-BFB8-FB2779277220}.Debug|Any CPU.ActiveCfg = Debug|Any CPU
		{2D4D9130-B6B4-49CD-BFB8-FB2779277220}.Debug|Any CPU.Build.0 = Debug|Any CPU
		{2D4D9130-B6B4-49CD-BFB8-FB2779277220}.Development|Any CPU.ActiveCfg = Debug|Any CPU
		{2D4D9130-B6B4-49CD-BFB8-FB2779277220}.Development|Any CPU.Build.0 = Debug|Any CPU
		{2D4D9130-B6B4-49CD-BFB8-FB2779277220}.Release|Any CPU.ActiveCfg = Release|Any CPU
		{2D4D9130-B6B4-49CD-BFB8-FB2779277220}.Release|Any CPU.Build.0 = Release|Any CPU
		{9917E69B-4B14-46DF-9DB9-0538C02CCAC6}.Debug|Any CPU.ActiveCfg = Debug|Any CPU
		{9917E69B-4B14-46DF-9DB9-0538C02CCAC6}.Debug|Any CPU.Build.0 = Debug|Any CPU
		{9917E69B-4B14-46DF-9DB9-0538C02CCAC6}.Development|Any CPU.ActiveCfg = Debug|Any CPU
		{9917E69B-4B14-46DF-9DB9-0538C02CCAC6}.Development|Any CPU.Build.0 = Debug|Any CPU
		{9917E69B-4B14-46DF-9DB9-0538C02CCAC6}.Release|Any CPU.ActiveCfg = Release|Any CPU
		{9917E69B-4B14-46DF-9DB9-0538C02CCAC6}.Release|Any CPU.Build.0 = Release|Any CPU
		{9048423F-EA75-4D33-9B1A-48222429CB69}.Debug|Any CPU.ActiveCfg = Debug|Any CPU
		{9048423F-EA75-4D33-9B1A-48222429CB69}.Debug|Any CPU.Build.0 = Debug|Any CPU
		{9048423F-EA75-4D33-9B1A-48222429CB69}.Development|Any CPU.ActiveCfg = Debug|Any CPU
		{9048423F-EA75-4D33-9B1A-48222429CB69}.Development|Any CPU.Build.0 = Debug|Any CPU
		{9048423F-EA75-4D33-9B1A-48222429CB69}.Release|Any CPU.ActiveCfg = Release|Any CPU
		{9048423F-EA75-4D33-9B1A-48222429CB69}.Release|Any CPU.Build.0 = Release|Any CPU
		{F1FC0799-415E-405B-B2DB-24AE6204F508}.Debug|Any CPU.ActiveCfg = Debug|Any CPU
		{F1FC0799-415E-405B-B2DB-24AE6204F508}.Debug|Any CPU.Build.0 = Debug|Any CPU
		{F1FC0799-415E-405B-B2DB-24AE6204F508}.Development|Any CPU.ActiveCfg = Debug|Any CPU
		{F1FC0799-415E-405B-B2DB-24AE6204F508}.Development|Any CPU.Build.0 = Debug|Any CPU
		{F1FC0799-415E-405B-B2DB-24AE6204F508}.Release|Any CPU.ActiveCfg = Release|Any CPU
		{F1FC0799-415E-405B-B2DB-24AE6204F508}.Release|Any CPU.Build.0 = Release|Any CPU
		{E9E4EFDF-7AAC-4881-89EB-AC884D257748}.Debug|Any CPU.ActiveCfg = Debug|Any CPU
		{E9E4EFDF-7AAC-4881-89EB-AC884D257748}.Debug|Any CPU.Build.0 = Debug|Any CPU
		{E9E4EFDF-7AAC-4881-89EB-AC884D257748}.Development|Any CPU.ActiveCfg = Debug|Any CPU
		{E9E4EFDF-7AAC-4881-89EB-AC884D257748}.Development|Any CPU.Build.0 = Debug|Any CPU
		{E9E4EFDF-7AAC-4881-89EB-AC884D257748}.Release|Any CPU.ActiveCfg = Release|Any CPU
		{E9E4EFDF-7AAC-4881-89EB-AC884D257748}.Release|Any CPU.Build.0 = Release|Any CPU
		{AE342924-9AEF-4D6A-BE56-BBF137FF784E}.Debug|Any CPU.ActiveCfg = Debug|Any CPU
		{AE342924-9AEF-4D6A-BE56-BBF137FF784E}.Debug|Any CPU.Build.0 = Debug|Any CPU
		{AE342924-9AEF-4D6A-BE56-BBF137FF784E}.Development|Any CPU.ActiveCfg = Debug|Any CPU
		{AE342924-9AEF-4D6A-BE56-BBF137FF784E}.Development|Any CPU.Build.0 = Debug|Any CPU
		{AE342924-9AEF-4D6A-BE56-BBF137FF784E}.Release|Any CPU.ActiveCfg = Release|Any CPU
		{AE342924-9AEF-4D6A-BE56-BBF137FF784E}.Release|Any CPU.Build.0 = Release|Any CPU
		{C3E25C07-E1A5-4672-83FE-77E042E588E3}.Debug|Any CPU.ActiveCfg = Debug|Any CPU
		{C3E25C07-E1A5-4672-83FE-77E042E588E3}.Debug|Any CPU.Build.0 = Debug|Any CPU
		{C3E25C07-E1A5-4672-83FE-77E042E588E3}.Development|Any CPU.ActiveCfg = Debug|Any CPU
		{C3E25C07-E1A5-4672-83FE-77E042E588E3}.Development|Any CPU.Build.0 = Debug|Any CPU
		{C3E25C07-E1A5-4672-83FE-77E042E588E3}.Release|Any CPU.ActiveCfg = Release|Any CPU
		{C3E25C07-E1A5-4672-83FE-77E042E588E3}.Release|Any CPU.Build.0 = Release|Any CPU
		{32F284B6-5941-48A4-B1B9-C3E924D72E6B}.Debug|Any CPU.ActiveCfg = Debug|Any CPU
		{32F284B6-5941-48A4-B1B9-C3E924D72E6B}.Debug|Any CPU.Build.0 = Debug|Any CPU
		{32F284B6-5941-48A4-B1B9-C3E924D72E6B}.Development|Any CPU.ActiveCfg = Debug|Any CPU
		{32F284B6-5941-48A4-B1B9-C3E924D72E6B}.Development|Any CPU.Build.0 = Debug|Any CPU
		{32F284B6-5941-48A4-B1B9-C3E924D72E6B}.Release|Any CPU.ActiveCfg = Release|Any CPU
		{32F284B6-5941-48A4-B1B9-C3E924D72E6B}.Release|Any CPU.Build.0 = Release|Any CPU
		{50ED369C-F5B5-4007-8D16-BA0DD505EA5B}.Debug|Any CPU.ActiveCfg = Debug|Any CPU
		{50ED369C-F5B5-4007-8D16-BA0DD505EA5B}.Debug|Any CPU.Build.0 = Debug|Any CPU
		{50ED369C-F5B5-4007-8D16-BA0DD505EA5B}.Development|Any CPU.ActiveCfg = Debug|Any CPU
		{50ED369C-F5B5-4007-8D16-BA0DD505EA5B}.Development|Any CPU.Build.0 = Debug|Any CPU
		{50ED369C-F5B5-4007-8D16-BA0DD505EA5B}.Release|Any CPU.ActiveCfg = Release|Any CPU
		{50ED369C-F5B5-4007-8D16-BA0DD505EA5B}.Release|Any CPU.Build.0 = Release|Any CPU
		{C1F67CB1-C621-4421-A536-FE5CB9B1A2B7}.Debug|Any CPU.ActiveCfg = Debug|Any CPU
		{C1F67CB1-C621-4421-A536-FE5CB9B1A2B7}.Debug|Any CPU.Build.0 = Debug|Any CPU
		{C1F67CB1-C621-4421-A536-FE5CB9B1A2B7}.Development|Any CPU.ActiveCfg = Debug|Any CPU
		{C1F67CB1-C621-4421-A536-FE5CB9B1A2B7}.Development|Any CPU.Build.0 = Debug|Any CPU
		{C1F67CB1-C621-4421-A536-FE5CB9B1A2B7}.Release|Any CPU.ActiveCfg = Release|Any CPU
		{C1F67CB1-C621-4421-A536-FE5CB9B1A2B7}.Release|Any CPU.Build.0 = Release|Any CPU
		{EAB20024-BC67-4FE3-A205-0D862724E681}.Debug|Any CPU.ActiveCfg = Debug|Any CPU
		{EAB20024-BC67-4FE3-A205-0D862724E681}.Debug|Any CPU.Build.0 = Debug|Any CPU
		{EAB20024-BC67-4FE3-A205-0D862724E681}.Development|Any CPU.ActiveCfg = Debug|Any CPU
		{EAB20024-BC67-4FE3-A205-0D862724E681}.Development|Any CPU.Build.0 = Debug|Any CPU
		{EAB20024-BC67-4FE3-A205-0D862724E681}.Release|Any CPU.ActiveCfg = Release|Any CPU
		{EAB20024-BC67-4FE3-A205-0D862724E681}.Release|Any CPU.Build.0 = Release|Any CPU
		{AFA20036-6B76-4E2C-B4F5-0DFE9EFBE9AB}.Debug|Any CPU.ActiveCfg = Debug|Any CPU
		{AFA20036-6B76-4E2C-B4F5-0DFE9EFBE9AB}.Debug|Any CPU.Build.0 = Debug|Any CPU
		{AFA20036-6B76-4E2C-B4F5-0DFE9EFBE9AB}.Development|Any CPU.ActiveCfg = Debug|Any CPU
		{AFA20036-6B76-4E2C-B4F5-0DFE9EFBE9AB}.Development|Any CPU.Build.0 = Debug|Any CPU
		{AFA20036-6B76-4E2C-B4F5-0DFE9EFBE9AB}.Release|Any CPU.ActiveCfg = Release|Any CPU
		{AFA20036-6B76-4E2C-B4F5-0DFE9EFBE9AB}.Release|Any CPU.Build.0 = Release|Any CPU
		{01BA6FE0-B631-4262-A8B8-9EC27636A65D}.Debug|Any CPU.ActiveCfg = Debug|Any CPU
		{01BA6FE0-B631-4262-A8B8-9EC27636A65D}.Debug|Any CPU.Build.0 = Debug|Any CPU
		{01BA6FE0-B631-4262-A8B8-9EC27636A65D}.Development|Any CPU.ActiveCfg = Debug|Any CPU
		{01BA6FE0-B631-4262-A8B8-9EC27636A65D}.Development|Any CPU.Build.0 = Debug|Any CPU
		{01BA6FE0-B631-4262-A8B8-9EC27636A65D}.Release|Any CPU.ActiveCfg = Release|Any CPU
		{01BA6FE0-B631-4262-A8B8-9EC27636A65D}.Release|Any CPU.Build.0 = Release|Any CPU
		{9BCED4DF-9197-4B94-B7A9-ACBA42F6CB61}.Debug|Any CPU.ActiveCfg = Debug|Any CPU
		{9BCED4DF-9197-4B94-B7A9-ACBA42F6CB61}.Debug|Any CPU.Build.0 = Debug|Any CPU
		{9BCED4DF-9197-4B94-B7A9-ACBA42F6CB61}.Development|Any CPU.ActiveCfg = Debug|Any CPU
		{9BCED4DF-9197-4B94-B7A9-ACBA42F6CB61}.Development|Any CPU.Build.0 = Debug|Any CPU
		{9BCED4DF-9197-4B94-B7A9-ACBA42F6CB61}.Release|Any CPU.ActiveCfg = Release|Any CPU
		{9BCED4DF-9197-4B94-B7A9-ACBA42F6CB61}.Release|Any CPU.Build.0 = Release|Any CPU
		{977FBAFB-5828-465F-B437-32F2C5545415}.Debug|Any CPU.ActiveCfg = Debug|Any CPU
		{977FBAFB-5828-465F-B437-32F2C5545415}.Debug|Any CPU.Build.0 = Debug|Any CPU
		{977FBAFB-5828-465F-B437-32F2C5545415}.Development|Any CPU.ActiveCfg = Debug|Any CPU
		{977FBAFB-5828-465F-B437-32F2C5545415}.Development|Any CPU.Build.0 = Debug|Any CPU
		{977FBAFB-5828-465F-B437-32F2C5545415}.Release|Any CPU.ActiveCfg = Release|Any CPU
		{977FBAFB-5828-465F-B437-32F2C5545415}.Release|Any CPU.Build.0 = Release|Any CPU
		{980DDDB4-D77E-435A-82E2-43542D7672D4}.Debug|Any CPU.ActiveCfg = Debug|Any CPU
		{980DDDB4-D77E-435A-82E2-43542D7672D4}.Debug|Any CPU.Build.0 = Debug|Any CPU
		{980DDDB4-D77E-435A-82E2-43542D7672D4}.Development|Any CPU.ActiveCfg = Debug|Any CPU
		{980DDDB4-D77E-435A-82E2-43542D7672D4}.Development|Any CPU.Build.0 = Debug|Any CPU
		{980DDDB4-D77E-435A-82E2-43542D7672D4}.Release|Any CPU.ActiveCfg = Release|Any CPU
		{980DDDB4-D77E-435A-82E2-43542D7672D4}.Release|Any CPU.Build.0 = Release|Any CPU
		{804492B3-D5E3-4255-B7F0-9D69B609DA0F}.Debug|Any CPU.ActiveCfg = Debug|Any CPU
		{804492B3-D5E3-4255-B7F0-9D69B609DA0F}.Debug|Any CPU.Build.0 = Debug|Any CPU
		{804492B3-D5E3-4255-B7F0-9D69B609DA0F}.Development|Any CPU.ActiveCfg = Debug|Any CPU
		{804492B3-D5E3-4255-B7F0-9D69B609DA0F}.Development|Any CPU.Build.0 = Debug|Any CPU
		{804492B3-D5E3-4255-B7F0-9D69B609DA0F}.Release|Any CPU.ActiveCfg = Release|Any CPU
		{804492B3-D5E3-4255-B7F0-9D69B609DA0F}.Release|Any CPU.Build.0 = Release|Any CPU
	EndGlobalSection
	GlobalSection(SolutionProperties) = preSolution
		HideSolutionNode = FALSE
	EndGlobalSection
	GlobalSection(NestedProjects) = preSolution
		{F338A6D4-4AAD-424E-B93E-A058332EFB0F} = {F2A44C37-3B16-433A-85A1-B267E41325BA}
		{D2872336-2826-4094-AA15-22A9C08E63F8} = {F2A44C37-3B16-433A-85A1-B267E41325BA}
		{5EF4D25E-9EB7-4146-8B21-B4F76C2417D3} = {CEE7D93E-013C-4D66-ABDA-C25F18623A0D}
		{CCF7F1D7-CF66-4C8C-92EF-08FB1B61EDAE} = {CEE7D93E-013C-4D66-ABDA-C25F18623A0D}
		{16308F16-5D27-4233-B56B-C498CDA60050} = {F2A44C37-3B16-433A-85A1-B267E41325BA}
		{8CC0CF9B-9E01-4046-A68F-FC7406BDE4C4} = {F2A44C37-3B16-433A-85A1-B267E41325BA}
		{DC6E0755-0D5E-4616-9FAC-D57378DACF8C} = {CEE7D93E-013C-4D66-ABDA-C25F18623A0D}
		{2B54C9D8-49A4-4E14-9151-5F7E994543EB} = {F2A44C37-3B16-433A-85A1-B267E41325BA}
		{D27D67C5-8D27-49A9-9AA7-969CCB56F559} = {EF1B180D-37D3-4A7A-9F2D-0E7DF3F14D36}
		{174168A1-CF51-433F-B39A-0FE774986352} = {F2A44C37-3B16-433A-85A1-B267E41325BA}
		{388B175F-8166-4703-A7F3-6891DA1F118E} = {F2A44C37-3B16-433A-85A1-B267E41325BA}
		{6D940CC3-DE66-4B55-9625-4D7254708B1A} = {F2A44C37-3B16-433A-85A1-B267E41325BA}
		{E02DF3EE-6EC8-4C96-AA12-04FADF2FF44A} = {E5979876-0294-475D-8970-A384B2DDEB8C}
		{CEE7D93E-013C-4D66-ABDA-C25F18623A0D} = {F2A44C37-3B16-433A-85A1-B267E41325BA}
		{AD274093-21A1-42A2-A07C-7BE4573F01DC} = {86922A44-CA43-4DC8-A6A0-3973117C77EB}
		{4DA02515-F9EA-41BB-AB2F-3A5F32E739CD} = {8DF9D0B6-B94E-4680-8AB8-CB1509F23A74}
		{B4ECF8A2-000F-4CEA-83F5-3ECF23D5CEF1} = {8DF9D0B6-B94E-4680-8AB8-CB1509F23A74}
		{A44AF465-B57E-4A17-B5C2-85D0170B2BEE} = {8DF9D0B6-B94E-4680-8AB8-CB1509F23A74}
		{00290A50-CE88-4148-B50F-63B3AF313E8A} = {8DF9D0B6-B94E-4680-8AB8-CB1509F23A74}
		{5153507D-2E76-4F57-ABF2-A1CCB685F3A5} = {8DF9D0B6-B94E-4680-8AB8-CB1509F23A74}
		{E86D4079-9E90-4900-830B-00B3F540AED6} = {FA86EBC5-984E-4694-876D-FB64B239E0FC}
		{60180E66-D312-4548-8654-F670DA3315D5} = {FA86EBC5-984E-4694-876D-FB64B239E0FC}
		{6716E55C-48DF-4425-A603-FA36BC362591} = {DCB9E81B-16A1-4D0D-BB02-42A138B4D078}
		{DE77A9A5-BCD3-478A-B319-1997E1D217AD} = {DCB9E81B-16A1-4D0D-BB02-42A138B4D078}
		{8CC3D81A-E791-4698-AFA8-63AC76068EE2} = {FA86EBC5-984E-4694-876D-FB64B239E0FC}
		{7FCCC9F6-361E-4B84-A86B-85AC4364C1E1} = {FA86EBC5-984E-4694-876D-FB64B239E0FC}
		{263F79E5-38EF-46B4-A6B6-AC47CAEE532F} = {FA86EBC5-984E-4694-876D-FB64B239E0FC}
		{506F18FC-DAF2-4DE5-B853-F50E5638EC11} = {86922A44-CA43-4DC8-A6A0-3973117C77EB}
		{DA4729BC-8829-474F-9DDC-257F61AC07BC} = {DCB9E81B-16A1-4D0D-BB02-42A138B4D078}
		{122DA7C4-50ED-45A5-97D9-9CFC3391A87B} = {E5979876-0294-475D-8970-A384B2DDEB8C}
		{2D4D9130-B6B4-49CD-BFB8-FB2779277220} = {9D6BFC30-2117-429B-8464-F0C067812E82}
		{F1FC0799-415E-405B-B2DB-24AE6204F508} = {9D6BFC30-2117-429B-8464-F0C067812E82}
		{E9E4EFDF-7AAC-4881-89EB-AC884D257748} = {9D6BFC30-2117-429B-8464-F0C067812E82}
		{AE342924-9AEF-4D6A-BE56-BBF137FF784E} = {EF1B180D-37D3-4A7A-9F2D-0E7DF3F14D36}
		{C3E25C07-E1A5-4672-83FE-77E042E588E3} = {025C2DDA-6FBF-4323-ABE4-3468CD025FB1}
		{32F284B6-5941-48A4-B1B9-C3E924D72E6B} = {025C2DDA-6FBF-4323-ABE4-3468CD025FB1}
		{50ED369C-F5B5-4007-8D16-BA0DD505EA5B} = {025C2DDA-6FBF-4323-ABE4-3468CD025FB1}
		{C1F67CB1-C621-4421-A536-FE5CB9B1A2B7} = {025C2DDA-6FBF-4323-ABE4-3468CD025FB1}
		{EAB20024-BC67-4FE3-A205-0D862724E681} = {C144C94A-45FE-48D0-9200-5C97F531AF00}
		{AFA20036-6B76-4E2C-B4F5-0DFE9EFBE9AB} = {C144C94A-45FE-48D0-9200-5C97F531AF00}
		{9D6BFC30-2117-429B-8464-F0C067812E82} = {EF1B180D-37D3-4A7A-9F2D-0E7DF3F14D36}
		{C144C94A-45FE-48D0-9200-5C97F531AF00} = {EF1B180D-37D3-4A7A-9F2D-0E7DF3F14D36}
		{58156A0D-2C65-48B6-8E69-3E3F58C893B9} = {122DA7C4-50ED-45A5-97D9-9CFC3391A87B}
		{CC374510-5C1B-435D-9F9F-37E943D9A840} = {122DA7C4-50ED-45A5-97D9-9CFC3391A87B}
		{9BCED4DF-9197-4B94-B7A9-ACBA42F6CB61} = {FA86EBC5-984E-4694-876D-FB64B239E0FC}
		{977FBAFB-5828-465F-B437-32F2C5545415} = {EF1B180D-37D3-4A7A-9F2D-0E7DF3F14D36}
		{980DDDB4-D77E-435A-82E2-43542D7672D4} = {EF1B180D-37D3-4A7A-9F2D-0E7DF3F14D36}
	EndGlobalSection
	GlobalSection(ExtensibilityGlobals) = postSolution
		SolutionGuid = {FB0B0AD5-58AC-4CDF-826D-C653D03DC2AC}
	EndGlobalSection
EndGlobal
