
Microsoft Visual Studio Solution File, Format Version 12.00
# Visual Studio 15
VisualStudioVersion = 15.0.27130.0
MinimumVisualStudioVersion = 10.0.40219.1
Project("{2150E333-8FDC-42A3-9474-1A3956D46DE8}") = "Solution Items", "Solution Items", "{E5979876-0294-475D-8970-A384B2DDEB8C}"
	ProjectSection(SolutionItems) = preProject
		.gitignore = .gitignore
		nuget.config = nuget.config
		README.md = README.md
	EndProjectSection
EndProject
Project("{FAE04EC0-301F-11D3-BF4B-00C04F79EFBC}") = "Nova.SearchAlgorithm", "Nova.SearchAlgorithm\Nova.SearchAlgorithm.csproj", "{B5CB5431-D854-4F2B-8ECA-06055376EE02}"
EndProject
Project("{FAE04EC0-301F-11D3-BF4B-00C04F79EFBC}") = "Nova.SearchAlgorithm.Test", "Nova.SearchAlgorithm.Test\Nova.SearchAlgorithm.Test.csproj", "{9CC4E912-0886-4713-99F8-19A4980031CA}"
EndProject
Project("{2150E333-8FDC-42A3-9474-1A3956D46DE8}") = "UnitTests", "UnitTests", "{4A86A10C-666D-41A0-B5CB-9B080736923B}"
	ProjectSection(SolutionItems) = preProject
		jenkins_unittests.bat = jenkins_unittests.bat
		UnitTests.nunit = UnitTests.nunit
	EndProjectSection
EndProject
Project("{FAE04EC0-301F-11D3-BF4B-00C04F79EFBC}") = "Nova.SearchAlgorithm.Client", "Nova.SearchAlgorithm.Client\Nova.SearchAlgorithm.Client.csproj", "{AD4A122A-CBB7-4996-AF5C-BAED84271A9E}"
EndProject
Project("{FAE04EC0-301F-11D3-BF4B-00C04F79EFBC}") = "Nova.SearchAlgorithm.Data", "Nova.SearchAlgorithm.Data\Nova.SearchAlgorithm.Data.csproj", "{7DC2A865-304B-402B-AC56-342681368568}"
EndProject
Project("{FAE04EC0-301F-11D3-BF4B-00C04F79EFBC}") = "Nova.SearchAlgorithm.MatchingDictionary", "Nova.SearchAlgorithm.MatchingDictionary\Nova.SearchAlgorithm.MatchingDictionary.csproj", "{478D829D-9AA2-4DE2-9FDD-DEE35E50111E}"
EndProject
Project("{FAE04EC0-301F-11D3-BF4B-00C04F79EFBC}") = "Nova.SearchAlgorithm.Common", "Nova.SearchAlgorithm.Common\Nova.SearchAlgorithm.Common.csproj", "{FB453E02-3CE1-42E7-BDC4-13899B993F2A}"
EndProject
Project("{FAE04EC0-301F-11D3-BF4B-00C04F79EFBC}") = "Nova.SearchAlgorithm.Test.Integration", "Nova.SearchAlgorithm.Test.Integration\Nova.SearchAlgorithm.Test.Integration.csproj", "{09444497-E6F9-44B1-B7BB-F2A072C20BA5}"
EndProject
Project("{FAE04EC0-301F-11D3-BF4B-00C04F79EFBC}") = "Nova.SearchAlgorithm.Test.Validation", "Nova.SearchAlgorithm.Test.Validation\Nova.SearchAlgorithm.Test.Validation.csproj", "{C320E568-8D97-490E-AFDA-57CE50ED2893}"
EndProject
Project("{FAE04EC0-301F-11D3-BF4B-00C04F79EFBC}") = "Nova.SearchAlgorithm.Test.Performance", "Nova.SearchAlgorithm.Test.Performance\Nova.SearchAlgorithm.Test.Performance.csproj", "{E6C0F9D3-32FF-4703-9088-63025D4E9E97}"
EndProject
Project("{FAE04EC0-301F-11D3-BF4B-00C04F79EFBC}") = "Nova.SearchAlgorithm.Data.Persistent", "Nova.SearchAlgorithm.Data.Persistent\Nova.SearchAlgorithm.Data.Persistent.csproj", "{7DC2A865-304B-402B-AC56-342681368568}"
EndProject
Global
	GlobalSection(SolutionConfigurationPlatforms) = preSolution
		Debug|Any CPU = Debug|Any CPU
		Development|Any CPU = Development|Any CPU
		Release|Any CPU = Release|Any CPU
	EndGlobalSection
	GlobalSection(ProjectConfigurationPlatforms) = postSolution
		{B5CB5431-D854-4F2B-8ECA-06055376EE02}.Debug|Any CPU.ActiveCfg = Debug|Any CPU
		{B5CB5431-D854-4F2B-8ECA-06055376EE02}.Debug|Any CPU.Build.0 = Debug|Any CPU
		{B5CB5431-D854-4F2B-8ECA-06055376EE02}.Development|Any CPU.ActiveCfg = Debug|Any CPU
		{B5CB5431-D854-4F2B-8ECA-06055376EE02}.Development|Any CPU.Build.0 = Debug|Any CPU
		{B5CB5431-D854-4F2B-8ECA-06055376EE02}.Release|Any CPU.ActiveCfg = Release|Any CPU
		{B5CB5431-D854-4F2B-8ECA-06055376EE02}.Release|Any CPU.Build.0 = Release|Any CPU
		{9CC4E912-0886-4713-99F8-19A4980031CA}.Debug|Any CPU.ActiveCfg = Debug|Any CPU
		{9CC4E912-0886-4713-99F8-19A4980031CA}.Debug|Any CPU.Build.0 = Debug|Any CPU
		{9CC4E912-0886-4713-99F8-19A4980031CA}.Development|Any CPU.ActiveCfg = Debug|Any CPU
		{9CC4E912-0886-4713-99F8-19A4980031CA}.Development|Any CPU.Build.0 = Debug|Any CPU
		{9CC4E912-0886-4713-99F8-19A4980031CA}.Release|Any CPU.ActiveCfg = Release|Any CPU
		{9CC4E912-0886-4713-99F8-19A4980031CA}.Release|Any CPU.Build.0 = Release|Any CPU
		{AD4A122A-CBB7-4996-AF5C-BAED84271A9E}.Debug|Any CPU.ActiveCfg = Debug|Any CPU
		{AD4A122A-CBB7-4996-AF5C-BAED84271A9E}.Debug|Any CPU.Build.0 = Debug|Any CPU
		{AD4A122A-CBB7-4996-AF5C-BAED84271A9E}.Development|Any CPU.ActiveCfg = Debug|Any CPU
		{AD4A122A-CBB7-4996-AF5C-BAED84271A9E}.Development|Any CPU.Build.0 = Debug|Any CPU
		{AD4A122A-CBB7-4996-AF5C-BAED84271A9E}.Release|Any CPU.ActiveCfg = Release|Any CPU
		{AD4A122A-CBB7-4996-AF5C-BAED84271A9E}.Release|Any CPU.Build.0 = Release|Any CPU
		{478D829D-9AA2-4DE2-9FDD-DEE35E50111E}.Debug|Any CPU.ActiveCfg = Debug|Any CPU
		{478D829D-9AA2-4DE2-9FDD-DEE35E50111E}.Debug|Any CPU.Build.0 = Debug|Any CPU
		{478D829D-9AA2-4DE2-9FDD-DEE35E50111E}.Development|Any CPU.ActiveCfg = Debug|Any CPU
		{478D829D-9AA2-4DE2-9FDD-DEE35E50111E}.Development|Any CPU.Build.0 = Debug|Any CPU
		{478D829D-9AA2-4DE2-9FDD-DEE35E50111E}.Release|Any CPU.ActiveCfg = Release|Any CPU
		{478D829D-9AA2-4DE2-9FDD-DEE35E50111E}.Release|Any CPU.Build.0 = Release|Any CPU
		{FB453E02-3CE1-42E7-BDC4-13899B993F2A}.Debug|Any CPU.ActiveCfg = Debug|Any CPU
		{FB453E02-3CE1-42E7-BDC4-13899B993F2A}.Debug|Any CPU.Build.0 = Debug|Any CPU
		{FB453E02-3CE1-42E7-BDC4-13899B993F2A}.Development|Any CPU.ActiveCfg = Debug|Any CPU
		{FB453E02-3CE1-42E7-BDC4-13899B993F2A}.Development|Any CPU.Build.0 = Debug|Any CPU
		{FB453E02-3CE1-42E7-BDC4-13899B993F2A}.Release|Any CPU.ActiveCfg = Release|Any CPU
		{FB453E02-3CE1-42E7-BDC4-13899B993F2A}.Release|Any CPU.Build.0 = Release|Any CPU
		{09444497-E6F9-44B1-B7BB-F2A072C20BA5}.Debug|Any CPU.ActiveCfg = Debug|Any CPU
		{09444497-E6F9-44B1-B7BB-F2A072C20BA5}.Debug|Any CPU.Build.0 = Debug|Any CPU
		{09444497-E6F9-44B1-B7BB-F2A072C20BA5}.Development|Any CPU.ActiveCfg = Debug|Any CPU
		{09444497-E6F9-44B1-B7BB-F2A072C20BA5}.Development|Any CPU.Build.0 = Debug|Any CPU
		{09444497-E6F9-44B1-B7BB-F2A072C20BA5}.Release|Any CPU.ActiveCfg = Release|Any CPU
		{09444497-E6F9-44B1-B7BB-F2A072C20BA5}.Release|Any CPU.Build.0 = Release|Any CPU
		{C320E568-8D97-490E-AFDA-57CE50ED2893}.Debug|Any CPU.ActiveCfg = Debug|Any CPU
		{C320E568-8D97-490E-AFDA-57CE50ED2893}.Debug|Any CPU.Build.0 = Debug|Any CPU
		{C320E568-8D97-490E-AFDA-57CE50ED2893}.Development|Any CPU.ActiveCfg = Debug|Any CPU
		{C320E568-8D97-490E-AFDA-57CE50ED2893}.Development|Any CPU.Build.0 = Debug|Any CPU
		{C320E568-8D97-490E-AFDA-57CE50ED2893}.Release|Any CPU.ActiveCfg = Release|Any CPU
		{C320E568-8D97-490E-AFDA-57CE50ED2893}.Release|Any CPU.Build.0 = Release|Any CPU
		{E6C0F9D3-32FF-4703-9088-63025D4E9E97}.Debug|Any CPU.ActiveCfg = Debug|Any CPU
		{E6C0F9D3-32FF-4703-9088-63025D4E9E97}.Debug|Any CPU.Build.0 = Debug|Any CPU
		{E6C0F9D3-32FF-4703-9088-63025D4E9E97}.Development|Any CPU.ActiveCfg = Debug|Any CPU
		{E6C0F9D3-32FF-4703-9088-63025D4E9E97}.Development|Any CPU.Build.0 = Debug|Any CPU
		{E6C0F9D3-32FF-4703-9088-63025D4E9E97}.Release|Any CPU.ActiveCfg = Release|Any CPU
		{E6C0F9D3-32FF-4703-9088-63025D4E9E97}.Release|Any CPU.Build.0 = Release|Any CPU
		{7DC2A865-304B-402B-AC56-342681368568}.Debug|Any CPU.ActiveCfg = Debug|Any CPU
		{7DC2A865-304B-402B-AC56-342681368568}.Debug|Any CPU.Build.0 = Debug|Any CPU
		{7DC2A865-304B-402B-AC56-342681368568}.Development|Any CPU.ActiveCfg = Debug|Any CPU
		{7DC2A865-304B-402B-AC56-342681368568}.Development|Any CPU.Build.0 = Debug|Any CPU
		{7DC2A865-304B-402B-AC56-342681368568}.Release|Any CPU.ActiveCfg = Release|Any CPU
		{7DC2A865-304B-402B-AC56-342681368568}.Release|Any CPU.Build.0 = Release|Any CPU
	EndGlobalSection
	GlobalSection(SolutionProperties) = preSolution
		HideSolutionNode = FALSE
	EndGlobalSection
	GlobalSection(NestedProjects) = preSolution
		{4A86A10C-666D-41A0-B5CB-9B080736923B} = {E5979876-0294-475D-8970-A384B2DDEB8C}
	EndGlobalSection
	GlobalSection(ExtensibilityGlobals) = postSolution
		SolutionGuid = {FB0B0AD5-58AC-4CDF-826D-C653D03DC2AC}
	EndGlobalSection
EndGlobal
