
Microsoft Visual Studio Solution File, Format Version 12.00
# Visual Studio 15
VisualStudioVersion = 15.0.27130.0
MinimumVisualStudioVersion = 10.0.40219.1
Project("{2150E333-8FDC-42A3-9474-1A3956D46DE8}") = "Solution Items", "Solution Items", "{E5979876-0294-475D-8970-A384B2DDEB8C}"
	ProjectSection(SolutionItems) = preProject
		.gitignore = .gitignore
		nuget.config = nuget.config
		README.md = README.md
	EndProjectSection
EndProject
Project("{2150E333-8FDC-42A3-9474-1A3956D46DE8}") = "UnitTests", "UnitTests", "{4A86A10C-666D-41A0-B5CB-9B080736923B}"
	ProjectSection(SolutionItems) = preProject
		UnitTests.nunit = UnitTests.nunit
	EndProjectSection
EndProject
Project("{FAE04EC0-301F-11D3-BF4B-00C04F79EFBC}") = "Nova.SearchAlgorithm.Test.Performance", "Nova.SearchAlgorithm.Test.Performance\Nova.SearchAlgorithm.Test.Performance.csproj", "{E6C0F9D3-32FF-4703-9088-63025D4E9E97}"
EndProject
Project("{FAE04EC0-301F-11D3-BF4B-00C04F79EFBC}") = "Nova.SearchAlgorithm", "Nova.SearchAlgorithm\Nova.SearchAlgorithm.csproj", "{F338A6D4-4AAD-424E-B93E-A058332EFB0F}"
EndProject
Project("{FAE04EC0-301F-11D3-BF4B-00C04F79EFBC}") = "Nova.SearchAlgorithm.Common", "Nova.SearchAlgorithm.Common\Nova.SearchAlgorithm.Common.csproj", "{D2872336-2826-4094-AA15-22A9C08E63F8}"
EndProject
Project("{FAE04EC0-301F-11D3-BF4B-00C04F79EFBC}") = "Nova.SearchAlgorithm.Client", "Nova.SearchAlgorithm.Client\Nova.SearchAlgorithm.Client.csproj", "{54DA45F0-352E-4C23-A254-288A973450F2}"
EndProject
Project("{FAE04EC0-301F-11D3-BF4B-00C04F79EFBC}") = "Nova.SearchAlgorithm.MatchingDictionary", "Nova.SearchAlgorithm.MatchingDictionary\Nova.SearchAlgorithm.MatchingDictionary.csproj", "{AD274093-21A1-42A2-A07C-7BE4573F01DC}"
EndProject
Project("{FAE04EC0-301F-11D3-BF4B-00C04F79EFBC}") = "Nova.SearchAlgorithm.Test", "Nova.SearchAlgorithm.Test\Nova.SearchAlgorithm.Test.csproj", "{5EF4D25E-9EB7-4146-8B21-B4F76C2417D3}"
EndProject
Project("{FAE04EC0-301F-11D3-BF4B-00C04F79EFBC}") = "Nova.SearchAlgorithm.Test.Integration", "Nova.SearchAlgorithm.Test.Integration\Nova.SearchAlgorithm.Test.Integration.csproj", "{CCF7F1D7-CF66-4C8C-92EF-08FB1B61EDAE}"
EndProject
Project("{FAE04EC0-301F-11D3-BF4B-00C04F79EFBC}") = "Nova.SearchAlgorithm.Data.Persistent", "Nova.SearchAlgorithm.Data.Persistent\Nova.SearchAlgorithm.Data.Persistent.csproj", "{16308F16-5D27-4233-B56B-C498CDA60050}"
EndProject
Project("{FAE04EC0-301F-11D3-BF4B-00C04F79EFBC}") = "Nova.SearchAlgorithm.Data", "Nova.SearchAlgorithm.Data\Nova.SearchAlgorithm.Data.csproj", "{8CC0CF9B-9E01-4046-A68F-FC7406BDE4C4}"
EndProject
Project("{FAE04EC0-301F-11D3-BF4B-00C04F79EFBC}") = "Nova.SearchAlgorithm.Test.Validation", "Nova.SearchAlgorithm.Test.Validation\Nova.SearchAlgorithm.Test.Validation.csproj", "{DC6E0755-0D5E-4616-9FAC-D57378DACF8C}"
EndProject
Project("{FAE04EC0-301F-11D3-BF4B-00C04F79EFBC}") = "Nova.SearchAlgorithm.Api", "Nova.SearchAlgorithm.Api\Nova.SearchAlgorithm.Api.csproj", "{2B54C9D8-49A4-4E14-9151-5F7E994543EB}"
EndProject
Global
	GlobalSection(SolutionConfigurationPlatforms) = preSolution
		Debug|Any CPU = Debug|Any CPU
		Development|Any CPU = Development|Any CPU
		Release|Any CPU = Release|Any CPU
	EndGlobalSection
	GlobalSection(ProjectConfigurationPlatforms) = postSolution
		{E6C0F9D3-32FF-4703-9088-63025D4E9E97}.Debug|Any CPU.ActiveCfg = Debug|Any CPU
		{E6C0F9D3-32FF-4703-9088-63025D4E9E97}.Debug|Any CPU.Build.0 = Debug|Any CPU
		{E6C0F9D3-32FF-4703-9088-63025D4E9E97}.Development|Any CPU.ActiveCfg = Debug|Any CPU
		{E6C0F9D3-32FF-4703-9088-63025D4E9E97}.Development|Any CPU.Build.0 = Debug|Any CPU
		{E6C0F9D3-32FF-4703-9088-63025D4E9E97}.Release|Any CPU.ActiveCfg = Release|Any CPU
		{E6C0F9D3-32FF-4703-9088-63025D4E9E97}.Release|Any CPU.Build.0 = Release|Any CPU
		{F338A6D4-4AAD-424E-B93E-A058332EFB0F}.Debug|Any CPU.ActiveCfg = Debug|Any CPU
		{F338A6D4-4AAD-424E-B93E-A058332EFB0F}.Debug|Any CPU.Build.0 = Debug|Any CPU
		{F338A6D4-4AAD-424E-B93E-A058332EFB0F}.Development|Any CPU.ActiveCfg = Debug|Any CPU
		{F338A6D4-4AAD-424E-B93E-A058332EFB0F}.Development|Any CPU.Build.0 = Debug|Any CPU
		{F338A6D4-4AAD-424E-B93E-A058332EFB0F}.Release|Any CPU.ActiveCfg = Release|Any CPU
		{F338A6D4-4AAD-424E-B93E-A058332EFB0F}.Release|Any CPU.Build.0 = Release|Any CPU
		{D2872336-2826-4094-AA15-22A9C08E63F8}.Debug|Any CPU.ActiveCfg = Debug|Any CPU
		{D2872336-2826-4094-AA15-22A9C08E63F8}.Debug|Any CPU.Build.0 = Debug|Any CPU
		{D2872336-2826-4094-AA15-22A9C08E63F8}.Development|Any CPU.ActiveCfg = Debug|Any CPU
		{D2872336-2826-4094-AA15-22A9C08E63F8}.Development|Any CPU.Build.0 = Debug|Any CPU
		{D2872336-2826-4094-AA15-22A9C08E63F8}.Release|Any CPU.ActiveCfg = Release|Any CPU
		{D2872336-2826-4094-AA15-22A9C08E63F8}.Release|Any CPU.Build.0 = Release|Any CPU
		{54DA45F0-352E-4C23-A254-288A973450F2}.Debug|Any CPU.ActiveCfg = Debug|Any CPU
		{54DA45F0-352E-4C23-A254-288A973450F2}.Debug|Any CPU.Build.0 = Debug|Any CPU
		{54DA45F0-352E-4C23-A254-288A973450F2}.Development|Any CPU.ActiveCfg = Debug|Any CPU
		{54DA45F0-352E-4C23-A254-288A973450F2}.Development|Any CPU.Build.0 = Debug|Any CPU
		{54DA45F0-352E-4C23-A254-288A973450F2}.Release|Any CPU.ActiveCfg = Release|Any CPU
		{54DA45F0-352E-4C23-A254-288A973450F2}.Release|Any CPU.Build.0 = Release|Any CPU
		{AD274093-21A1-42A2-A07C-7BE4573F01DC}.Debug|Any CPU.ActiveCfg = Debug|Any CPU
		{AD274093-21A1-42A2-A07C-7BE4573F01DC}.Debug|Any CPU.Build.0 = Debug|Any CPU
		{AD274093-21A1-42A2-A07C-7BE4573F01DC}.Development|Any CPU.ActiveCfg = Debug|Any CPU
		{AD274093-21A1-42A2-A07C-7BE4573F01DC}.Development|Any CPU.Build.0 = Debug|Any CPU
		{AD274093-21A1-42A2-A07C-7BE4573F01DC}.Release|Any CPU.ActiveCfg = Release|Any CPU
		{AD274093-21A1-42A2-A07C-7BE4573F01DC}.Release|Any CPU.Build.0 = Release|Any CPU
		{5EF4D25E-9EB7-4146-8B21-B4F76C2417D3}.Debug|Any CPU.ActiveCfg = Debug|Any CPU
		{5EF4D25E-9EB7-4146-8B21-B4F76C2417D3}.Debug|Any CPU.Build.0 = Debug|Any CPU
		{5EF4D25E-9EB7-4146-8B21-B4F76C2417D3}.Development|Any CPU.ActiveCfg = Debug|Any CPU
		{5EF4D25E-9EB7-4146-8B21-B4F76C2417D3}.Development|Any CPU.Build.0 = Debug|Any CPU
		{5EF4D25E-9EB7-4146-8B21-B4F76C2417D3}.Release|Any CPU.ActiveCfg = Release|Any CPU
		{5EF4D25E-9EB7-4146-8B21-B4F76C2417D3}.Release|Any CPU.Build.0 = Release|Any CPU
		{CCF7F1D7-CF66-4C8C-92EF-08FB1B61EDAE}.Debug|Any CPU.ActiveCfg = Debug|Any CPU
		{CCF7F1D7-CF66-4C8C-92EF-08FB1B61EDAE}.Debug|Any CPU.Build.0 = Debug|Any CPU
		{CCF7F1D7-CF66-4C8C-92EF-08FB1B61EDAE}.Development|Any CPU.ActiveCfg = Debug|Any CPU
		{CCF7F1D7-CF66-4C8C-92EF-08FB1B61EDAE}.Development|Any CPU.Build.0 = Debug|Any CPU
		{CCF7F1D7-CF66-4C8C-92EF-08FB1B61EDAE}.Release|Any CPU.ActiveCfg = Release|Any CPU
		{CCF7F1D7-CF66-4C8C-92EF-08FB1B61EDAE}.Release|Any CPU.Build.0 = Release|Any CPU
		{16308F16-5D27-4233-B56B-C498CDA60050}.Debug|Any CPU.ActiveCfg = Debug|Any CPU
		{16308F16-5D27-4233-B56B-C498CDA60050}.Debug|Any CPU.Build.0 = Debug|Any CPU
		{16308F16-5D27-4233-B56B-C498CDA60050}.Development|Any CPU.ActiveCfg = Debug|Any CPU
		{16308F16-5D27-4233-B56B-C498CDA60050}.Development|Any CPU.Build.0 = Debug|Any CPU
		{16308F16-5D27-4233-B56B-C498CDA60050}.Release|Any CPU.ActiveCfg = Release|Any CPU
		{16308F16-5D27-4233-B56B-C498CDA60050}.Release|Any CPU.Build.0 = Release|Any CPU
		{8CC0CF9B-9E01-4046-A68F-FC7406BDE4C4}.Debug|Any CPU.ActiveCfg = Debug|Any CPU
		{8CC0CF9B-9E01-4046-A68F-FC7406BDE4C4}.Debug|Any CPU.Build.0 = Debug|Any CPU
		{8CC0CF9B-9E01-4046-A68F-FC7406BDE4C4}.Development|Any CPU.ActiveCfg = Debug|Any CPU
		{8CC0CF9B-9E01-4046-A68F-FC7406BDE4C4}.Development|Any CPU.Build.0 = Debug|Any CPU
		{8CC0CF9B-9E01-4046-A68F-FC7406BDE4C4}.Release|Any CPU.ActiveCfg = Release|Any CPU
		{8CC0CF9B-9E01-4046-A68F-FC7406BDE4C4}.Release|Any CPU.Build.0 = Release|Any CPU
		{DC6E0755-0D5E-4616-9FAC-D57378DACF8C}.Debug|Any CPU.ActiveCfg = Debug|Any CPU
		{DC6E0755-0D5E-4616-9FAC-D57378DACF8C}.Debug|Any CPU.Build.0 = Debug|Any CPU
		{DC6E0755-0D5E-4616-9FAC-D57378DACF8C}.Development|Any CPU.ActiveCfg = Debug|Any CPU
		{DC6E0755-0D5E-4616-9FAC-D57378DACF8C}.Development|Any CPU.Build.0 = Debug|Any CPU
		{DC6E0755-0D5E-4616-9FAC-D57378DACF8C}.Release|Any CPU.ActiveCfg = Release|Any CPU
		{DC6E0755-0D5E-4616-9FAC-D57378DACF8C}.Release|Any CPU.Build.0 = Release|Any CPU
		{2B54C9D8-49A4-4E14-9151-5F7E994543EB}.Debug|Any CPU.ActiveCfg = Debug|Any CPU
		{2B54C9D8-49A4-4E14-9151-5F7E994543EB}.Debug|Any CPU.Build.0 = Debug|Any CPU
		{2B54C9D8-49A4-4E14-9151-5F7E994543EB}.Development|Any CPU.ActiveCfg = Debug|Any CPU
		{2B54C9D8-49A4-4E14-9151-5F7E994543EB}.Development|Any CPU.Build.0 = Debug|Any CPU
		{2B54C9D8-49A4-4E14-9151-5F7E994543EB}.Release|Any CPU.ActiveCfg = Release|Any CPU
		{2B54C9D8-49A4-4E14-9151-5F7E994543EB}.Release|Any CPU.Build.0 = Release|Any CPU
	EndGlobalSection
	GlobalSection(SolutionProperties) = preSolution
		HideSolutionNode = FALSE
	EndGlobalSection
	GlobalSection(NestedProjects) = preSolution
		{4A86A10C-666D-41A0-B5CB-9B080736923B} = {E5979876-0294-475D-8970-A384B2DDEB8C}
	EndGlobalSection
	GlobalSection(ExtensibilityGlobals) = postSolution
		SolutionGuid = {FB0B0AD5-58AC-4CDF-826D-C653D03DC2AC}
	EndGlobalSection
EndGlobal
